// !$*UTF8*$!
{
	archiveVersion = 1;
	classes = {
	};
	objectVersion = 56;
	objects = {

/* Begin PBXBuildFile section */
		B5717138293A3094007C1820 /* puzzle02.swift in Sources */ = {isa = PBXBuildFile; fileRef = B5717137293A3094007C1820 /* puzzle02.swift */; };
		B571713A293A3171007C1820 /* input02.swift in Sources */ = {isa = PBXBuildFile; fileRef = B5717139293A3171007C1820 /* input02.swift */; };
		B58B7C902937631100060B22 /* main.swift in Sources */ = {isa = PBXBuildFile; fileRef = B58B7C8F2937631100060B22 /* main.swift */; };
		B5CFC930293BE34A00B1420F /* template.swift in Sources */ = {isa = PBXBuildFile; fileRef = B5CFC92F293BE34A00B1420F /* template.swift */; };
		B5CFC932293BE37700B1420F /* input_template.swift in Sources */ = {isa = PBXBuildFile; fileRef = B5CFC931293BE37700B1420F /* input_template.swift */; };
		B5CFC934293BE39B00B1420F /* puzzle03.swift in Sources */ = {isa = PBXBuildFile; fileRef = B5CFC933293BE39B00B1420F /* puzzle03.swift */; };
		B5CFC936293BE3A400B1420F /* input03.swift in Sources */ = {isa = PBXBuildFile; fileRef = B5CFC935293BE3A400B1420F /* input03.swift */; };
		B5DE43F72938A3DF00257439 /* puzzle01.swift in Sources */ = {isa = PBXBuildFile; fileRef = B5DE43F62938A3DF00257439 /* puzzle01.swift */; };
		B5DE43FC2938A89000257439 /* input01.swift in Sources */ = {isa = PBXBuildFile; fileRef = B5DE43F92938A4D200257439 /* input01.swift */; };
/* End PBXBuildFile section */

/* Begin PBXCopyFilesBuildPhase section */
		B58B7C8A2937631100060B22 /* CopyFiles */ = {
			isa = PBXCopyFilesBuildPhase;
			buildActionMask = 2147483647;
			dstPath = /usr/share/man/man1/;
			dstSubfolderSpec = 0;
			files = (
			);
			runOnlyForDeploymentPostprocessing = 1;
		};
/* End PBXCopyFilesBuildPhase section */

/* Begin PBXFileReference section */
		B5717137293A3094007C1820 /* puzzle02.swift */ = {isa = PBXFileReference; lastKnownFileType = sourcecode.swift; path = puzzle02.swift; sourceTree = "<group>"; };
		B5717139293A3171007C1820 /* input02.swift */ = {isa = PBXFileReference; lastKnownFileType = sourcecode.swift; path = input02.swift; sourceTree = "<group>"; };
		B58B7C8C2937631100060B22 /* AdventOfCode2022 */ = {isa = PBXFileReference; explicitFileType = "compiled.mach-o.executable"; includeInIndex = 0; path = AdventOfCode2022; sourceTree = BUILT_PRODUCTS_DIR; };
		B58B7C8F2937631100060B22 /* main.swift */ = {isa = PBXFileReference; lastKnownFileType = sourcecode.swift; path = main.swift; sourceTree = "<group>"; };
		B5CFC92F293BE34A00B1420F /* template.swift */ = {isa = PBXFileReference; lastKnownFileType = sourcecode.swift; path = template.swift; sourceTree = "<group>"; };
		B5CFC931293BE37700B1420F /* input_template.swift */ = {isa = PBXFileReference; lastKnownFileType = sourcecode.swift; path = input_template.swift; sourceTree = "<group>"; };
		B5CFC933293BE39B00B1420F /* puzzle03.swift */ = {isa = PBXFileReference; lastKnownFileType = sourcecode.swift; path = puzzle03.swift; sourceTree = "<group>"; };
		B5CFC935293BE3A400B1420F /* input03.swift */ = {isa = PBXFileReference; lastKnownFileType = sourcecode.swift; path = input03.swift; sourceTree = "<group>"; };
		B5DE43F62938A3DF00257439 /* puzzle01.swift */ = {isa = PBXFileReference; lastKnownFileType = sourcecode.swift; path = puzzle01.swift; sourceTree = "<group>"; };
		B5DE43F92938A4D200257439 /* input01.swift */ = {isa = PBXFileReference; lastKnownFileType = sourcecode.swift; path = input01.swift; sourceTree = "<group>"; };
/* End PBXFileReference section */

/* Begin PBXFrameworksBuildPhase section */
		B58B7C892937631100060B22 /* Frameworks */ = {
			isa = PBXFrameworksBuildPhase;
			buildActionMask = 2147483647;
			files = (
			);
			runOnlyForDeploymentPostprocessing = 0;
		};
/* End PBXFrameworksBuildPhase section */

/* Begin PBXGroup section */
		B5717136293A3088007C1820 /* 02 */ = {
			isa = PBXGroup;
			children = (
				B5717137293A3094007C1820 /* puzzle02.swift */,
				B5717139293A3171007C1820 /* input02.swift */,
			);
			path = 02;
			sourceTree = "<group>";
		};
		B58B7C832937631100060B22 = {
			isa = PBXGroup;
			children = (
				B58B7C8E2937631100060B22 /* AdventOfCode2022 */,
				B58B7C8D2937631100060B22 /* Products */,
			);
			sourceTree = "<group>";
		};
		B58B7C8D2937631100060B22 /* Products */ = {
			isa = PBXGroup;
			children = (
				B58B7C8C2937631100060B22 /* AdventOfCode2022 */,
			);
			name = Products;
			sourceTree = "<group>";
		};
		B58B7C8E2937631100060B22 /* AdventOfCode2022 */ = {
			isa = PBXGroup;
			children = (
				B5CFC92E293BE33200B1420F /* 03 */,
				B5717136293A3088007C1820 /* 02 */,
				B5DE43F82938A4C100257439 /* 01 */,
				B58B7C8F2937631100060B22 /* main.swift */,
				B5CFC92F293BE34A00B1420F /* template.swift */,
				B5CFC931293BE37700B1420F /* input_template.swift */,
			);
			path = AdventOfCode2022;
			sourceTree = "<group>";
		};
		B5CFC92E293BE33200B1420F /* 03 */ = {
			isa = PBXGroup;
			children = (
				B5CFC933293BE39B00B1420F /* puzzle03.swift */,
				B5CFC935293BE3A400B1420F /* input03.swift */,
			);
			path = 03;
			sourceTree = "<group>";
		};
		B5DE43F82938A4C100257439 /* 01 */ = {
			isa = PBXGroup;
			children = (
				B5DE43F62938A3DF00257439 /* puzzle01.swift */,
				B5DE43F92938A4D200257439 /* input01.swift */,
			);
			path = 01;
			sourceTree = "<group>";
		};
/* End PBXGroup section */

/* Begin PBXNativeTarget section */
		B58B7C8B2937631100060B22 /* AdventOfCode2022 */ = {
			isa = PBXNativeTarget;
			buildConfigurationList = B58B7C932937631100060B22 /* Build configuration list for PBXNativeTarget "AdventOfCode2022" */;
			buildPhases = (
				B58B7C882937631100060B22 /* Sources */,
				B58B7C892937631100060B22 /* Frameworks */,
				B58B7C8A2937631100060B22 /* CopyFiles */,
			);
			buildRules = (
			);
			dependencies = (
			);
			name = AdventOfCode2022;
			productName = AdventOfCode2022;
			productReference = B58B7C8C2937631100060B22 /* AdventOfCode2022 */;
			productType = "com.apple.product-type.tool";
		};
/* End PBXNativeTarget section */

/* Begin PBXProject section */
		B58B7C842937631100060B22 /* Project object */ = {
			isa = PBXProject;
			attributes = {
				BuildIndependentTargetsInParallel = 1;
				LastSwiftUpdateCheck = 1410;
				LastUpgradeCheck = 1410;
				TargetAttributes = {
					B58B7C8B2937631100060B22 = {
						CreatedOnToolsVersion = 14.1;
					};
				};
			};
			buildConfigurationList = B58B7C872937631100060B22 /* Build configuration list for PBXProject "AdventOfCode2022" */;
			compatibilityVersion = "Xcode 14.0";
			developmentRegion = en;
			hasScannedForEncodings = 0;
			knownRegions = (
				en,
				Base,
			);
			mainGroup = B58B7C832937631100060B22;
			productRefGroup = B58B7C8D2937631100060B22 /* Products */;
			projectDirPath = "";
			projectRoot = "";
			targets = (
				B58B7C8B2937631100060B22 /* AdventOfCode2022 */,
			);
		};
/* End PBXProject section */

/* Begin PBXSourcesBuildPhase section */
		B58B7C882937631100060B22 /* Sources */ = {
			isa = PBXSourcesBuildPhase;
			buildActionMask = 2147483647;
			files = (
				B5DE43F72938A3DF00257439 /* puzzle01.swift in Sources */,
				B571713A293A3171007C1820 /* input02.swift in Sources */,
				B5CFC936293BE3A400B1420F /* input03.swift in Sources */,
				B5717138293A3094007C1820 /* puzzle02.swift in Sources */,
				B5CFC932293BE37700B1420F /* input_template.swift in Sources */,
				B58B7C902937631100060B22 /* main.swift in Sources */,
				B5DE43FC2938A89000257439 /* input01.swift in Sources */,
				B5CFC934293BE39B00B1420F /* puzzle03.swift in Sources */,
				B5CFC930293BE34A00B1420F /* template.swift in Sources */,
			);
			runOnlyForDeploymentPostprocessing = 0;
		};
/* End PBXSourcesBuildPhase section */

/* Begin XCBuildConfiguration section */
		B58B7C912937631100060B22 /* Debug */ = {
			isa = XCBuildConfiguration;
			buildSettings = {
				ALWAYS_SEARCH_USER_PATHS = NO;
				CLANG_ANALYZER_NONNULL = YES;
				CLANG_ANALYZER_NUMBER_OBJECT_CONVERSION = YES_AGGRESSIVE;
				CLANG_CXX_LANGUAGE_STANDARD = "gnu++20";
				CLANG_ENABLE_MODULES = YES;
				CLANG_ENABLE_OBJC_ARC = YES;
				CLANG_ENABLE_OBJC_WEAK = YES;
				CLANG_WARN_BLOCK_CAPTURE_AUTORELEASING = YES;
				CLANG_WARN_BOOL_CONVERSION = YES;
				CLANG_WARN_COMMA = YES;
				CLANG_WARN_CONSTANT_CONVERSION = YES;
				CLANG_WARN_DEPRECATED_OBJC_IMPLEMENTATIONS = YES;
				CLANG_WARN_DIRECT_OBJC_ISA_USAGE = YES_ERROR;
				CLANG_WARN_DOCUMENTATION_COMMENTS = YES;
				CLANG_WARN_EMPTY_BODY = YES;
				CLANG_WARN_ENUM_CONVERSION = YES;
				CLANG_WARN_INFINITE_RECURSION = YES;
				CLANG_WARN_INT_CONVERSION = YES;
				CLANG_WARN_NON_LITERAL_NULL_CONVERSION = YES;
				CLANG_WARN_OBJC_IMPLICIT_RETAIN_SELF = YES;
				CLANG_WARN_OBJC_LITERAL_CONVERSION = YES;
				CLANG_WARN_OBJC_ROOT_CLASS = YES_ERROR;
				CLANG_WARN_QUOTED_INCLUDE_IN_FRAMEWORK_HEADER = YES;
				CLANG_WARN_RANGE_LOOP_ANALYSIS = YES;
				CLANG_WARN_STRICT_PROTOTYPES = YES;
				CLANG_WARN_SUSPICIOUS_MOVE = YES;
				CLANG_WARN_UNGUARDED_AVAILABILITY = YES_AGGRESSIVE;
				CLANG_WARN_UNREACHABLE_CODE = YES;
				CLANG_WARN__DUPLICATE_METHOD_MATCH = YES;
				COPY_PHASE_STRIP = NO;
				DEBUG_INFORMATION_FORMAT = dwarf;
				ENABLE_STRICT_OBJC_MSGSEND = YES;
				ENABLE_TESTABILITY = YES;
				GCC_C_LANGUAGE_STANDARD = gnu11;
				GCC_DYNAMIC_NO_PIC = NO;
				GCC_NO_COMMON_BLOCKS = YES;
				GCC_OPTIMIZATION_LEVEL = 0;
				GCC_PREPROCESSOR_DEFINITIONS = (
					"DEBUG=1",
					"$(inherited)",
				);
				GCC_WARN_64_TO_32_BIT_CONVERSION = YES;
				GCC_WARN_ABOUT_RETURN_TYPE = YES_ERROR;
				GCC_WARN_UNDECLARED_SELECTOR = YES;
				GCC_WARN_UNINITIALIZED_AUTOS = YES_AGGRESSIVE;
				GCC_WARN_UNUSED_FUNCTION = YES;
				GCC_WARN_UNUSED_VARIABLE = YES;
				MACOSX_DEPLOYMENT_TARGET = 13.0;
				MTL_ENABLE_DEBUG_INFO = INCLUDE_SOURCE;
				MTL_FAST_MATH = YES;
				ONLY_ACTIVE_ARCH = YES;
				SDKROOT = macosx;
				SWIFT_ACTIVE_COMPILATION_CONDITIONS = DEBUG;
				SWIFT_OPTIMIZATION_LEVEL = "-Onone";
			};
			name = Debug;
		};
		B58B7C922937631100060B22 /* Release */ = {
			isa = XCBuildConfiguration;
			buildSettings = {
				ALWAYS_SEARCH_USER_PATHS = NO;
				CLANG_ANALYZER_NONNULL = YES;
				CLANG_ANALYZER_NUMBER_OBJECT_CONVERSION = YES_AGGRESSIVE;
				CLANG_CXX_LANGUAGE_STANDARD = "gnu++20";
				CLANG_ENABLE_MODULES = YES;
				CLANG_ENABLE_OBJC_ARC = YES;
				CLANG_ENABLE_OBJC_WEAK = YES;
				CLANG_WARN_BLOCK_CAPTURE_AUTORELEASING = YES;
				CLANG_WARN_BOOL_CONVERSION = YES;
				CLANG_WARN_COMMA = YES;
				CLANG_WARN_CONSTANT_CONVERSION = YES;
				CLANG_WARN_DEPRECATED_OBJC_IMPLEMENTATIONS = YES;
				CLANG_WARN_DIRECT_OBJC_ISA_USAGE = YES_ERROR;
				CLANG_WARN_DOCUMENTATION_COMMENTS = YES;
				CLANG_WARN_EMPTY_BODY = YES;
				CLANG_WARN_ENUM_CONVERSION = YES;
				CLANG_WARN_INFINITE_RECURSION = YES;
				CLANG_WARN_INT_CONVERSION = YES;
				CLANG_WARN_NON_LITERAL_NULL_CONVERSION = YES;
				CLANG_WARN_OBJC_IMPLICIT_RETAIN_SELF = YES;
				CLANG_WARN_OBJC_LITERAL_CONVERSION = YES;
				CLANG_WARN_OBJC_ROOT_CLASS = YES_ERROR;
				CLANG_WARN_QUOTED_INCLUDE_IN_FRAMEWORK_HEADER = YES;
				CLANG_WARN_RANGE_LOOP_ANALYSIS = YES;
				CLANG_WARN_STRICT_PROTOTYPES = YES;
				CLANG_WARN_SUSPICIOUS_MOVE = YES;
				CLANG_WARN_UNGUARDED_AVAILABILITY = YES_AGGRESSIVE;
				CLANG_WARN_UNREACHABLE_CODE = YES;
				CLANG_WARN__DUPLICATE_METHOD_MATCH = YES;
				COPY_PHASE_STRIP = NO;
				DEBUG_INFORMATION_FORMAT = "dwarf-with-dsym";
				ENABLE_NS_ASSERTIONS = NO;
				ENABLE_STRICT_OBJC_MSGSEND = YES;
				GCC_C_LANGUAGE_STANDARD = gnu11;
				GCC_NO_COMMON_BLOCKS = YES;
				GCC_WARN_64_TO_32_BIT_CONVERSION = YES;
				GCC_WARN_ABOUT_RETURN_TYPE = YES_ERROR;
				GCC_WARN_UNDECLARED_SELECTOR = YES;
				GCC_WARN_UNINITIALIZED_AUTOS = YES_AGGRESSIVE;
				GCC_WARN_UNUSED_FUNCTION = YES;
				GCC_WARN_UNUSED_VARIABLE = YES;
				MACOSX_DEPLOYMENT_TARGET = 13.0;
				MTL_ENABLE_DEBUG_INFO = NO;
				MTL_FAST_MATH = YES;
				SDKROOT = macosx;
				SWIFT_COMPILATION_MODE = wholemodule;
				SWIFT_OPTIMIZATION_LEVEL = "-O";
			};
			name = Release;
		};
		B58B7C942937631100060B22 /* Debug */ = {
			isa = XCBuildConfiguration;
			buildSettings = {
				CODE_SIGN_STYLE = Automatic;
				DEVELOPMENT_TEAM = 2DMTV2NW38;
				ENABLE_HARDENED_RUNTIME = YES;
				PRODUCT_NAME = "$(TARGET_NAME)";
				SWIFT_VERSION = 5.0;
			};
			name = Debug;
		};
		B58B7C952937631100060B22 /* Release */ = {
			isa = XCBuildConfiguration;
			buildSettings = {
				CODE_SIGN_STYLE = Automatic;
				DEVELOPMENT_TEAM = 2DMTV2NW38;
				ENABLE_HARDENED_RUNTIME = YES;
				PRODUCT_NAME = "$(TARGET_NAME)";
				SWIFT_VERSION = 5.0;
			};
			name = Release;
		};
/* End XCBuildConfiguration section */

/* Begin XCConfigurationList section */
		B58B7C872937631100060B22 /* Build configuration list for PBXProject "AdventOfCode2022" */ = {
			isa = XCConfigurationList;
			buildConfigurations = (
				B58B7C912937631100060B22 /* Debug */,
				B58B7C922937631100060B22 /* Release */,
			);
			defaultConfigurationIsVisible = 0;
			defaultConfigurationName = Release;
		};
		B58B7C932937631100060B22 /* Build configuration list for PBXNativeTarget "AdventOfCode2022" */ = {
			isa = XCConfigurationList;
			buildConfigurations = (
				B58B7C942937631100060B22 /* Debug */,
				B58B7C952937631100060B22 /* Release */,
			);
			defaultConfigurationIsVisible = 0;
			defaultConfigurationName = Release;
		};
/* End XCConfigurationList section */
	};
	rootObject = B58B7C842937631100060B22 /* Project object */;
}
