// !$*UTF8*$!
{
	archiveVersion = 1;
	classes = {
	};
	objectVersion = 56;
	objects = {

/* Begin PBXBuildFile section */
		B50E617E294A6E22003AC04A /* input14.swift in Sources */ = {isa = PBXBuildFile; fileRef = B50E617D294A6C09003AC04A /* input14.swift */; };
		B50E617F294A6E22003AC04A /* puzzle14.swift in Sources */ = {isa = PBXBuildFile; fileRef = B50E617C294A6C09003AC04A /* puzzle14.swift */; };
		B50E6183294B280C003AC04A /* input15.swift in Sources */ = {isa = PBXBuildFile; fileRef = B50E6182294B27E2003AC04A /* input15.swift */; };
		B50E6184294B280C003AC04A /* puzzle15.swift in Sources */ = {isa = PBXBuildFile; fileRef = B50E6181294B27E2003AC04A /* puzzle15.swift */; };
		B51AEC5F2954F57900289F7A /* input17.swift in Sources */ = {isa = PBXBuildFile; fileRef = B52AED83294F296300492DFE /* input17.swift */; };
		B51AEC602954F57900289F7A /* puzzle17.swift in Sources */ = {isa = PBXBuildFile; fileRef = B52AED82294F296300492DFE /* puzzle17.swift */; };
		B51AEC642955DF7000289F7A /* input18.swift in Sources */ = {isa = PBXBuildFile; fileRef = B51AEC622955DF4700289F7A /* input18.swift */; };
		B51AEC652955DF7000289F7A /* puzzle18.swift in Sources */ = {isa = PBXBuildFile; fileRef = B51AEC632955DF4800289F7A /* puzzle18.swift */; };
		B51AEC6929579C1E00289F7A /* puzzle19.swift in Sources */ = {isa = PBXBuildFile; fileRef = B51AEC6729579BFE00289F7A /* puzzle19.swift */; };
		B51AEC6A29579C1E00289F7A /* input19.swift in Sources */ = {isa = PBXBuildFile; fileRef = B51AEC6829579BFE00289F7A /* input19.swift */; };
		B51AEC6E295B878300289F7A /* puzzle20.swift in Sources */ = {isa = PBXBuildFile; fileRef = B51AEC6D295B874700289F7A /* puzzle20.swift */; };
		B51AEC6F295B878300289F7A /* input20.swift in Sources */ = {isa = PBXBuildFile; fileRef = B51AEC6C295B874700289F7A /* input20.swift */; };
		B51AEC73295BA31E00289F7A /* input21.swift in Sources */ = {isa = PBXBuildFile; fileRef = B51AEC71295BA15400289F7A /* input21.swift */; };
		B51AEC74295BA31E00289F7A /* puzzle21.swift in Sources */ = {isa = PBXBuildFile; fileRef = B51AEC72295BA15400289F7A /* puzzle21.swift */; };
		B52AED7E294C951100492DFE /* puzzle16.swift in Sources */ = {isa = PBXBuildFile; fileRef = B52AED7C294C946400492DFE /* puzzle16.swift */; };
		B52AED7F294C951100492DFE /* input16.swift in Sources */ = {isa = PBXBuildFile; fileRef = B52AED7D294C946500492DFE /* input16.swift */; };
		B55141CF293F39C7006F2114 /* puzzle06.swift in Sources */ = {isa = PBXBuildFile; fileRef = B55141CE293F39C7006F2114 /* puzzle06.swift */; };
		B55141D1293F39D9006F2114 /* input06.swift in Sources */ = {isa = PBXBuildFile; fileRef = B55141D0293F39D9006F2114 /* input06.swift */; };
		B55141D529409218006F2114 /* puzzle07.swift in Sources */ = {isa = PBXBuildFile; fileRef = B55141D329409217006F2114 /* puzzle07.swift */; };
		B55141D629409218006F2114 /* input07.swift in Sources */ = {isa = PBXBuildFile; fileRef = B55141D429409218006F2114 /* input07.swift */; };
		B56B9BDD29450B00001749D9 /* puzzle10.swift in Sources */ = {isa = PBXBuildFile; fileRef = B56B9BDB29450ADB001749D9 /* puzzle10.swift */; };
		B56B9BDE29450B02001749D9 /* input10.swift in Sources */ = {isa = PBXBuildFile; fileRef = B56B9BDC29450ADB001749D9 /* input10.swift */; };
		B56B9BE2294666F6001749D9 /* puzzle11.swift in Sources */ = {isa = PBXBuildFile; fileRef = B56B9BE0294666B2001749D9 /* puzzle11.swift */; };
		B56B9BE3294666F6001749D9 /* input11.swift in Sources */ = {isa = PBXBuildFile; fileRef = B56B9BE1294666B2001749D9 /* input11.swift */; };
		B56B9BEA29471701001749D9 /* input12.swift in Sources */ = {isa = PBXBuildFile; fileRef = B56B9BE9294715E3001749D9 /* input12.swift */; };
		B56B9BEB29471701001749D9 /* puzzle12.swift in Sources */ = {isa = PBXBuildFile; fileRef = B56B9BE8294715E3001749D9 /* puzzle12.swift */; };
		B56B9BF129486CE6001749D9 /* input13.swift in Sources */ = {isa = PBXBuildFile; fileRef = B56B9BF029486C99001749D9 /* input13.swift */; };
		B56B9BF229486CE6001749D9 /* puzzle13.swift in Sources */ = {isa = PBXBuildFile; fileRef = B56B9BEF29486C98001749D9 /* puzzle13.swift */; };
		B5717138293A3094007C1820 /* puzzle02.swift in Sources */ = {isa = PBXBuildFile; fileRef = B5717137293A3094007C1820 /* puzzle02.swift */; };
		B571713A293A3171007C1820 /* input02.swift in Sources */ = {isa = PBXBuildFile; fileRef = B5717139293A3171007C1820 /* input02.swift */; };
		B58B7C902937631100060B22 /* main.swift in Sources */ = {isa = PBXBuildFile; fileRef = B58B7C8F2937631100060B22 /* main.swift */; };
		B59437382965747D00AAA499 /* input22.swift in Sources */ = {isa = PBXBuildFile; fileRef = B59437372965742700AAA499 /* input22.swift */; };
		B59437392965747D00AAA499 /* puzzle22.swift in Sources */ = {isa = PBXBuildFile; fileRef = B59437362965742600AAA499 /* puzzle22.swift */; };
		B594373F2966CEF200AAA499 /* puzzle23.swift in Sources */ = {isa = PBXBuildFile; fileRef = B594373D2966CEB800AAA499 /* puzzle23.swift */; };
		B59437402966CEF200AAA499 /* input23.swift in Sources */ = {isa = PBXBuildFile; fileRef = B594373E2966CEB800AAA499 /* input23.swift */; };
		B59437442967015800AAA499 /* input24.swift in Sources */ = {isa = PBXBuildFile; fileRef = B59437422966FA4B00AAA499 /* input24.swift */; };
		B59437452967015800AAA499 /* puzzle24.swift in Sources */ = {isa = PBXBuildFile; fileRef = B59437432966FA4B00AAA499 /* puzzle24.swift */; };
		B59437492967724400AAA499 /* input25.swift in Sources */ = {isa = PBXBuildFile; fileRef = B59437472967722300AAA499 /* input25.swift */; };
		B594374A2967724400AAA499 /* puzzle25.swift in Sources */ = {isa = PBXBuildFile; fileRef = B59437482967722300AAA499 /* puzzle25.swift */; };
		B5A46FDC2941DDD60020B482 /* input08.swift in Sources */ = {isa = PBXBuildFile; fileRef = B5A46FDA2941DDD60020B482 /* input08.swift */; };
		B5A46FDD2941DDD60020B482 /* puzzle08.swift in Sources */ = {isa = PBXBuildFile; fileRef = B5A46FDB2941DDD60020B482 /* puzzle08.swift */; };
		B5A46FE12943311B0020B482 /* input09.swift in Sources */ = {isa = PBXBuildFile; fileRef = B5A46FDF2943311B0020B482 /* input09.swift */; };
		B5A46FE22943311B0020B482 /* puzzle09.swift in Sources */ = {isa = PBXBuildFile; fileRef = B5A46FE02943311B0020B482 /* puzzle09.swift */; };
		B5CFC930293BE34A00B1420F /* template.swift in Sources */ = {isa = PBXBuildFile; fileRef = B5CFC92F293BE34A00B1420F /* template.swift */; };
		B5CFC932293BE37700B1420F /* input_template.swift in Sources */ = {isa = PBXBuildFile; fileRef = B5CFC931293BE37700B1420F /* input_template.swift */; };
		B5CFC934293BE39B00B1420F /* puzzle03.swift in Sources */ = {isa = PBXBuildFile; fileRef = B5CFC933293BE39B00B1420F /* puzzle03.swift */; };
		B5CFC936293BE3A400B1420F /* input03.swift in Sources */ = {isa = PBXBuildFile; fileRef = B5CFC935293BE3A400B1420F /* input03.swift */; };
		B5CFC939293CE72700B1420F /* puzzle04.swift in Sources */ = {isa = PBXBuildFile; fileRef = B5CFC938293CE72700B1420F /* puzzle04.swift */; };
		B5CFC93B293CE73100B1420F /* input04.swift in Sources */ = {isa = PBXBuildFile; fileRef = B5CFC93A293CE73100B1420F /* input04.swift */; };
		B5CFC93E293DE73500B1420F /* puzzle05.swift in Sources */ = {isa = PBXBuildFile; fileRef = B5CFC93D293DE73500B1420F /* puzzle05.swift */; };
		B5CFC940293DE73F00B1420F /* input05.swift in Sources */ = {isa = PBXBuildFile; fileRef = B5CFC93F293DE73F00B1420F /* input05.swift */; };
		B5CFC942293DF1A100B1420F /* extensions.swift in Sources */ = {isa = PBXBuildFile; fileRef = B5CFC941293DF1A100B1420F /* extensions.swift */; };
		B5DE43F72938A3DF00257439 /* puzzle01.swift in Sources */ = {isa = PBXBuildFile; fileRef = B5DE43F62938A3DF00257439 /* puzzle01.swift */; };
		B5DE43FC2938A89000257439 /* input01.swift in Sources */ = {isa = PBXBuildFile; fileRef = B5DE43F92938A4D200257439 /* input01.swift */; };
/* End PBXBuildFile section */

/* Begin PBXCopyFilesBuildPhase section */
		B58B7C8A2937631100060B22 /* CopyFiles */ = {
			isa = PBXCopyFilesBuildPhase;
			buildActionMask = 2147483647;
			dstPath = /usr/share/man/man1/;
			dstSubfolderSpec = 0;
			files = (
			);
			runOnlyForDeploymentPostprocessing = 1;
		};
/* End PBXCopyFilesBuildPhase section */

/* Begin PBXFileReference section */
		B50E617C294A6C09003AC04A /* puzzle14.swift */ = {isa = PBXFileReference; lastKnownFileType = sourcecode.swift; path = puzzle14.swift; sourceTree = "<group>"; };
		B50E617D294A6C09003AC04A /* input14.swift */ = {isa = PBXFileReference; lastKnownFileType = sourcecode.swift; path = input14.swift; sourceTree = "<group>"; };
		B50E6181294B27E2003AC04A /* puzzle15.swift */ = {isa = PBXFileReference; lastKnownFileType = sourcecode.swift; path = puzzle15.swift; sourceTree = "<group>"; };
		B50E6182294B27E2003AC04A /* input15.swift */ = {isa = PBXFileReference; lastKnownFileType = sourcecode.swift; path = input15.swift; sourceTree = "<group>"; };
		B51AEC622955DF4700289F7A /* input18.swift */ = {isa = PBXFileReference; lastKnownFileType = sourcecode.swift; path = input18.swift; sourceTree = "<group>"; };
		B51AEC632955DF4800289F7A /* puzzle18.swift */ = {isa = PBXFileReference; lastKnownFileType = sourcecode.swift; path = puzzle18.swift; sourceTree = "<group>"; };
		B51AEC6729579BFE00289F7A /* puzzle19.swift */ = {isa = PBXFileReference; lastKnownFileType = sourcecode.swift; path = puzzle19.swift; sourceTree = "<group>"; };
		B51AEC6829579BFE00289F7A /* input19.swift */ = {isa = PBXFileReference; lastKnownFileType = sourcecode.swift; path = input19.swift; sourceTree = "<group>"; };
		B51AEC6C295B874700289F7A /* input20.swift */ = {isa = PBXFileReference; lastKnownFileType = sourcecode.swift; path = input20.swift; sourceTree = "<group>"; };
		B51AEC6D295B874700289F7A /* puzzle20.swift */ = {isa = PBXFileReference; lastKnownFileType = sourcecode.swift; path = puzzle20.swift; sourceTree = "<group>"; };
		B51AEC71295BA15400289F7A /* input21.swift */ = {isa = PBXFileReference; lastKnownFileType = sourcecode.swift; path = input21.swift; sourceTree = "<group>"; };
		B51AEC72295BA15400289F7A /* puzzle21.swift */ = {isa = PBXFileReference; lastKnownFileType = sourcecode.swift; path = puzzle21.swift; sourceTree = "<group>"; };
		B52AED7C294C946400492DFE /* puzzle16.swift */ = {isa = PBXFileReference; lastKnownFileType = sourcecode.swift; path = puzzle16.swift; sourceTree = "<group>"; };
		B52AED7D294C946500492DFE /* input16.swift */ = {isa = PBXFileReference; lastKnownFileType = sourcecode.swift; path = input16.swift; sourceTree = "<group>"; };
		B52AED82294F296300492DFE /* puzzle17.swift */ = {isa = PBXFileReference; lastKnownFileType = sourcecode.swift; path = puzzle17.swift; sourceTree = "<group>"; };
		B52AED83294F296300492DFE /* input17.swift */ = {isa = PBXFileReference; lastKnownFileType = sourcecode.swift; path = input17.swift; sourceTree = "<group>"; };
		B55141CE293F39C7006F2114 /* puzzle06.swift */ = {isa = PBXFileReference; lastKnownFileType = sourcecode.swift; path = puzzle06.swift; sourceTree = "<group>"; };
		B55141D0293F39D9006F2114 /* input06.swift */ = {isa = PBXFileReference; lastKnownFileType = sourcecode.swift; path = input06.swift; sourceTree = "<group>"; };
		B55141D329409217006F2114 /* puzzle07.swift */ = {isa = PBXFileReference; fileEncoding = 4; lastKnownFileType = sourcecode.swift; path = puzzle07.swift; sourceTree = "<group>"; };
		B55141D429409218006F2114 /* input07.swift */ = {isa = PBXFileReference; fileEncoding = 4; lastKnownFileType = sourcecode.swift; path = input07.swift; sourceTree = "<group>"; };
		B56B9BDB29450ADB001749D9 /* puzzle10.swift */ = {isa = PBXFileReference; lastKnownFileType = sourcecode.swift; path = puzzle10.swift; sourceTree = "<group>"; };
		B56B9BDC29450ADB001749D9 /* input10.swift */ = {isa = PBXFileReference; lastKnownFileType = sourcecode.swift; path = input10.swift; sourceTree = "<group>"; };
		B56B9BE0294666B2001749D9 /* puzzle11.swift */ = {isa = PBXFileReference; lastKnownFileType = sourcecode.swift; path = puzzle11.swift; sourceTree = "<group>"; };
		B56B9BE1294666B2001749D9 /* input11.swift */ = {isa = PBXFileReference; lastKnownFileType = sourcecode.swift; path = input11.swift; sourceTree = "<group>"; };
		B56B9BE8294715E3001749D9 /* puzzle12.swift */ = {isa = PBXFileReference; lastKnownFileType = sourcecode.swift; path = puzzle12.swift; sourceTree = "<group>"; };
		B56B9BE9294715E3001749D9 /* input12.swift */ = {isa = PBXFileReference; lastKnownFileType = sourcecode.swift; path = input12.swift; sourceTree = "<group>"; };
		B56B9BEF29486C98001749D9 /* puzzle13.swift */ = {isa = PBXFileReference; lastKnownFileType = sourcecode.swift; path = puzzle13.swift; sourceTree = "<group>"; };
		B56B9BF029486C99001749D9 /* input13.swift */ = {isa = PBXFileReference; lastKnownFileType = sourcecode.swift; path = input13.swift; sourceTree = "<group>"; };
		B5717137293A3094007C1820 /* puzzle02.swift */ = {isa = PBXFileReference; lastKnownFileType = sourcecode.swift; path = puzzle02.swift; sourceTree = "<group>"; };
		B5717139293A3171007C1820 /* input02.swift */ = {isa = PBXFileReference; lastKnownFileType = sourcecode.swift; path = input02.swift; sourceTree = "<group>"; };
		B58B7C8C2937631100060B22 /* AdventOfCode2022 */ = {isa = PBXFileReference; explicitFileType = "compiled.mach-o.executable"; includeInIndex = 0; path = AdventOfCode2022; sourceTree = BUILT_PRODUCTS_DIR; };
		B58B7C8F2937631100060B22 /* main.swift */ = {isa = PBXFileReference; lastKnownFileType = sourcecode.swift; path = main.swift; sourceTree = "<group>"; };
		B59437362965742600AAA499 /* puzzle22.swift */ = {isa = PBXFileReference; lastKnownFileType = sourcecode.swift; path = puzzle22.swift; sourceTree = "<group>"; };
		B59437372965742700AAA499 /* input22.swift */ = {isa = PBXFileReference; lastKnownFileType = sourcecode.swift; path = input22.swift; sourceTree = "<group>"; };
		B594373D2966CEB800AAA499 /* puzzle23.swift */ = {isa = PBXFileReference; lastKnownFileType = sourcecode.swift; path = puzzle23.swift; sourceTree = "<group>"; };
		B594373E2966CEB800AAA499 /* input23.swift */ = {isa = PBXFileReference; lastKnownFileType = sourcecode.swift; path = input23.swift; sourceTree = "<group>"; };
		B59437422966FA4B00AAA499 /* input24.swift */ = {isa = PBXFileReference; lastKnownFileType = sourcecode.swift; path = input24.swift; sourceTree = "<group>"; };
		B59437432966FA4B00AAA499 /* puzzle24.swift */ = {isa = PBXFileReference; lastKnownFileType = sourcecode.swift; path = puzzle24.swift; sourceTree = "<group>"; };
		B59437472967722300AAA499 /* input25.swift */ = {isa = PBXFileReference; lastKnownFileType = sourcecode.swift; path = input25.swift; sourceTree = "<group>"; };
		B59437482967722300AAA499 /* puzzle25.swift */ = {isa = PBXFileReference; lastKnownFileType = sourcecode.swift; path = puzzle25.swift; sourceTree = "<group>"; };
		B5A46FDA2941DDD60020B482 /* input08.swift */ = {isa = PBXFileReference; fileEncoding = 4; lastKnownFileType = sourcecode.swift; path = input08.swift; sourceTree = "<group>"; };
		B5A46FDB2941DDD60020B482 /* puzzle08.swift */ = {isa = PBXFileReference; fileEncoding = 4; lastKnownFileType = sourcecode.swift; path = puzzle08.swift; sourceTree = "<group>"; };
		B5A46FDF2943311B0020B482 /* input09.swift */ = {isa = PBXFileReference; fileEncoding = 4; lastKnownFileType = sourcecode.swift; name = input09.swift; path = AdventOfCode2022/09/input09.swift; sourceTree = SOURCE_ROOT; };
		B5A46FE02943311B0020B482 /* puzzle09.swift */ = {isa = PBXFileReference; fileEncoding = 4; lastKnownFileType = sourcecode.swift; name = puzzle09.swift; path = AdventOfCode2022/09/puzzle09.swift; sourceTree = SOURCE_ROOT; };
		B5CFC92F293BE34A00B1420F /* template.swift */ = {isa = PBXFileReference; lastKnownFileType = sourcecode.swift; path = template.swift; sourceTree = "<group>"; };
		B5CFC931293BE37700B1420F /* input_template.swift */ = {isa = PBXFileReference; lastKnownFileType = sourcecode.swift; path = input_template.swift; sourceTree = "<group>"; };
		B5CFC933293BE39B00B1420F /* puzzle03.swift */ = {isa = PBXFileReference; lastKnownFileType = sourcecode.swift; path = puzzle03.swift; sourceTree = "<group>"; };
		B5CFC935293BE3A400B1420F /* input03.swift */ = {isa = PBXFileReference; lastKnownFileType = sourcecode.swift; path = input03.swift; sourceTree = "<group>"; };
		B5CFC938293CE72700B1420F /* puzzle04.swift */ = {isa = PBXFileReference; lastKnownFileType = sourcecode.swift; path = puzzle04.swift; sourceTree = "<group>"; };
		B5CFC93A293CE73100B1420F /* input04.swift */ = {isa = PBXFileReference; lastKnownFileType = sourcecode.swift; path = input04.swift; sourceTree = "<group>"; };
		B5CFC93D293DE73500B1420F /* puzzle05.swift */ = {isa = PBXFileReference; lastKnownFileType = sourcecode.swift; path = puzzle05.swift; sourceTree = "<group>"; };
		B5CFC93F293DE73F00B1420F /* input05.swift */ = {isa = PBXFileReference; lastKnownFileType = sourcecode.swift; path = input05.swift; sourceTree = "<group>"; };
		B5CFC941293DF1A100B1420F /* extensions.swift */ = {isa = PBXFileReference; lastKnownFileType = sourcecode.swift; path = extensions.swift; sourceTree = "<group>"; };
		B5DE43F62938A3DF00257439 /* puzzle01.swift */ = {isa = PBXFileReference; lastKnownFileType = sourcecode.swift; path = puzzle01.swift; sourceTree = "<group>"; };
		B5DE43F92938A4D200257439 /* input01.swift */ = {isa = PBXFileReference; lastKnownFileType = sourcecode.swift; path = input01.swift; sourceTree = "<group>"; };
/* End PBXFileReference section */

/* Begin PBXFrameworksBuildPhase section */
		B58B7C892937631100060B22 /* Frameworks */ = {
			isa = PBXFrameworksBuildPhase;
			buildActionMask = 2147483647;
			files = (
			);
			runOnlyForDeploymentPostprocessing = 0;
		};
/* End PBXFrameworksBuildPhase section */

/* Begin PBXGroup section */
		B50E617B294A6C03003AC04A /* 14 */ = {
			isa = PBXGroup;
			children = (
				B50E617C294A6C09003AC04A /* puzzle14.swift */,
				B50E617D294A6C09003AC04A /* input14.swift */,
			);
			path = 14;
			sourceTree = "<group>";
		};
		B50E6180294B27DC003AC04A /* 15 */ = {
			isa = PBXGroup;
			children = (
				B50E6181294B27E2003AC04A /* puzzle15.swift */,
				B50E6182294B27E2003AC04A /* input15.swift */,
			);
			path = 15;
			sourceTree = "<group>";
		};
		B51AEC612955DF3D00289F7A /* 18 */ = {
			isa = PBXGroup;
			children = (
				B51AEC632955DF4800289F7A /* puzzle18.swift */,
				B51AEC622955DF4700289F7A /* input18.swift */,
			);
			path = 18;
			sourceTree = "<group>";
		};
		B51AEC6629579BF400289F7A /* 19 */ = {
			isa = PBXGroup;
			children = (
				B51AEC6729579BFE00289F7A /* puzzle19.swift */,
				B51AEC6829579BFE00289F7A /* input19.swift */,
			);
			path = 19;
			sourceTree = "<group>";
		};
		B51AEC6B295B874100289F7A /* 20 */ = {
			isa = PBXGroup;
			children = (
				B51AEC6D295B874700289F7A /* puzzle20.swift */,
				B51AEC6C295B874700289F7A /* input20.swift */,
			);
			path = 20;
			sourceTree = "<group>";
		};
		B51AEC70295BA14D00289F7A /* 21 */ = {
			isa = PBXGroup;
			children = (
				B51AEC72295BA15400289F7A /* puzzle21.swift */,
				B51AEC71295BA15400289F7A /* input21.swift */,
			);
			path = 21;
			sourceTree = "<group>";
		};
		B52AED7B294C945B00492DFE /* 16 */ = {
			isa = PBXGroup;
			children = (
				B52AED7C294C946400492DFE /* puzzle16.swift */,
				B52AED7D294C946500492DFE /* input16.swift */,
			);
			path = 16;
			sourceTree = "<group>";
		};
		B52AED80294F294C00492DFE /* 17 */ = {
			isa = PBXGroup;
			children = (
				B52AED82294F296300492DFE /* puzzle17.swift */,
				B52AED83294F296300492DFE /* input17.swift */,
			);
			path = 17;
			sourceTree = "<group>";
		};
		B55141CD293F39BD006F2114 /* 06 */ = {
			isa = PBXGroup;
			children = (
				B55141CE293F39C7006F2114 /* puzzle06.swift */,
				B55141D0293F39D9006F2114 /* input06.swift */,
			);
			path = 06;
			sourceTree = "<group>";
		};
		B55141D2294091F7006F2114 /* 07 */ = {
			isa = PBXGroup;
			children = (
				B55141D429409218006F2114 /* input07.swift */,
				B55141D329409217006F2114 /* puzzle07.swift */,
			);
			path = 07;
			sourceTree = "<group>";
		};
		B56B9BDA29450AD1001749D9 /* 10 */ = {
			isa = PBXGroup;
			children = (
				B56B9BDB29450ADB001749D9 /* puzzle10.swift */,
				B56B9BDC29450ADB001749D9 /* input10.swift */,
			);
			path = 10;
			sourceTree = "<group>";
		};
		B56B9BDF294666AA001749D9 /* 11 */ = {
			isa = PBXGroup;
			children = (
				B56B9BE0294666B2001749D9 /* puzzle11.swift */,
				B56B9BE1294666B2001749D9 /* input11.swift */,
			);
			path = 11;
			sourceTree = "<group>";
		};
		B56B9BE7294715DB001749D9 /* 12 */ = {
			isa = PBXGroup;
			children = (
				B56B9BE8294715E3001749D9 /* puzzle12.swift */,
				B56B9BE9294715E3001749D9 /* input12.swift */,
			);
			path = 12;
			sourceTree = "<group>";
		};
		B56B9BEE29486C90001749D9 /* 13 */ = {
			isa = PBXGroup;
			children = (
				B56B9BEF29486C98001749D9 /* puzzle13.swift */,
				B56B9BF029486C99001749D9 /* input13.swift */,
			);
			path = 13;
			sourceTree = "<group>";
		};
		B5717136293A3088007C1820 /* 02 */ = {
			isa = PBXGroup;
			children = (
				B5717137293A3094007C1820 /* puzzle02.swift */,
				B5717139293A3171007C1820 /* input02.swift */,
			);
			path = 02;
			sourceTree = "<group>";
		};
		B58B7C832937631100060B22 = {
			isa = PBXGroup;
			children = (
				B58B7C8E2937631100060B22 /* AdventOfCode2022 */,
				B58B7C8D2937631100060B22 /* Products */,
			);
			sourceTree = "<group>";
		};
		B58B7C8D2937631100060B22 /* Products */ = {
			isa = PBXGroup;
			children = (
				B58B7C8C2937631100060B22 /* AdventOfCode2022 */,
			);
			name = Products;
			sourceTree = "<group>";
		};
		B58B7C8E2937631100060B22 /* AdventOfCode2022 */ = {
			isa = PBXGroup;
			children = (
				B59437462967721A00AAA499 /* 25 */,
				B59437412966FA4000AAA499 /* 24 */,
				B594373C2966CEB100AAA499 /* 23 */,
				B59437352965741B00AAA499 /* 22 */,
				B51AEC70295BA14D00289F7A /* 21 */,
				B51AEC6B295B874100289F7A /* 20 */,
				B51AEC6629579BF400289F7A /* 19 */,
				B51AEC612955DF3D00289F7A /* 18 */,
				B52AED80294F294C00492DFE /* 17 */,
				B52AED7B294C945B00492DFE /* 16 */,
				B50E6180294B27DC003AC04A /* 15 */,
				B50E617B294A6C03003AC04A /* 14 */,
				B56B9BEE29486C90001749D9 /* 13 */,
				B56B9BE7294715DB001749D9 /* 12 */,
				B56B9BDF294666AA001749D9 /* 11 */,
				B56B9BDA29450AD1001749D9 /* 10 */,
				B5A46FDE294330E90020B482 /* 09 */,
				B5A46FD92941DDC10020B482 /* 08 */,
				B55141D2294091F7006F2114 /* 07 */,
				B55141CD293F39BD006F2114 /* 06 */,
				B5CFC93C293DE72200B1420F /* 05 */,
				B5CFC937293CE71400B1420F /* 04 */,
				B5CFC92E293BE33200B1420F /* 03 */,
				B5717136293A3088007C1820 /* 02 */,
				B5DE43F82938A4C100257439 /* 01 */,
				B58B7C8F2937631100060B22 /* main.swift */,
				B5CFC941293DF1A100B1420F /* extensions.swift */,
				B5CFC92F293BE34A00B1420F /* template.swift */,
				B5CFC931293BE37700B1420F /* input_template.swift */,
			);
			path = AdventOfCode2022;
			sourceTree = "<group>";
		};
		B59437352965741B00AAA499 /* 22 */ = {
			isa = PBXGroup;
			children = (
				B59437362965742600AAA499 /* puzzle22.swift */,
				B59437372965742700AAA499 /* input22.swift */,
			);
			path = 22;
			sourceTree = "<group>";
		};
		B594373C2966CEB100AAA499 /* 23 */ = {
			isa = PBXGroup;
			children = (
				B594373D2966CEB800AAA499 /* puzzle23.swift */,
				B594373E2966CEB800AAA499 /* input23.swift */,
			);
			path = 23;
			sourceTree = "<group>";
		};
		B59437412966FA4000AAA499 /* 24 */ = {
			isa = PBXGroup;
			children = (
				B59437432966FA4B00AAA499 /* puzzle24.swift */,
				B59437422966FA4B00AAA499 /* input24.swift */,
			);
			path = 24;
			sourceTree = "<group>";
		};
		B59437462967721A00AAA499 /* 25 */ = {
			isa = PBXGroup;
			children = (
				B59437482967722300AAA499 /* puzzle25.swift */,
				B59437472967722300AAA499 /* input25.swift */,
			);
			path = 25;
			sourceTree = "<group>";
		};
		B5A46FD92941DDC10020B482 /* 08 */ = {
			isa = PBXGroup;
			children = (
				B5A46FDA2941DDD60020B482 /* input08.swift */,
				B5A46FDB2941DDD60020B482 /* puzzle08.swift */,
			);
			path = 08;
			sourceTree = "<group>";
		};
		B5A46FDE294330E90020B482 /* 09 */ = {
			isa = PBXGroup;
			children = (
				B5A46FDF2943311B0020B482 /* input09.swift */,
				B5A46FE02943311B0020B482 /* puzzle09.swift */,
			);
			path = 09;
			sourceTree = "<group>";
		};
		B5CFC92E293BE33200B1420F /* 03 */ = {
			isa = PBXGroup;
			children = (
				B5CFC933293BE39B00B1420F /* puzzle03.swift */,
				B5CFC935293BE3A400B1420F /* input03.swift */,
			);
			path = 03;
			sourceTree = "<group>";
		};
		B5CFC937293CE71400B1420F /* 04 */ = {
			isa = PBXGroup;
			children = (
				B5CFC938293CE72700B1420F /* puzzle04.swift */,
				B5CFC93A293CE73100B1420F /* input04.swift */,
			);
			path = 04;
			sourceTree = "<group>";
		};
		B5CFC93C293DE72200B1420F /* 05 */ = {
			isa = PBXGroup;
			children = (
				B5CFC93D293DE73500B1420F /* puzzle05.swift */,
				B5CFC93F293DE73F00B1420F /* input05.swift */,
			);
			path = 05;
			sourceTree = "<group>";
		};
		B5DE43F82938A4C100257439 /* 01 */ = {
			isa = PBXGroup;
			children = (
				B5DE43F62938A3DF00257439 /* puzzle01.swift */,
				B5DE43F92938A4D200257439 /* input01.swift */,
			);
			path = 01;
			sourceTree = "<group>";
		};
/* End PBXGroup section */

/* Begin PBXNativeTarget section */
		B58B7C8B2937631100060B22 /* AdventOfCode2022 */ = {
			isa = PBXNativeTarget;
			buildConfigurationList = B58B7C932937631100060B22 /* Build configuration list for PBXNativeTarget "AdventOfCode2022" */;
			buildPhases = (
				B58B7C882937631100060B22 /* Sources */,
				B58B7C892937631100060B22 /* Frameworks */,
				B58B7C8A2937631100060B22 /* CopyFiles */,
			);
			buildRules = (
			);
			dependencies = (
			);
			name = AdventOfCode2022;
			productName = AdventOfCode2022;
			productReference = B58B7C8C2937631100060B22 /* AdventOfCode2022 */;
			productType = "com.apple.product-type.tool";
		};
/* End PBXNativeTarget section */

/* Begin PBXProject section */
		B58B7C842937631100060B22 /* Project object */ = {
			isa = PBXProject;
			attributes = {
				BuildIndependentTargetsInParallel = 1;
				LastSwiftUpdateCheck = 1410;
				LastUpgradeCheck = 1420;
				TargetAttributes = {
					B58B7C8B2937631100060B22 = {
						CreatedOnToolsVersion = 14.1;
					};
				};
			};
			buildConfigurationList = B58B7C872937631100060B22 /* Build configuration list for PBXProject "AdventOfCode2022" */;
			compatibilityVersion = "Xcode 14.0";
			developmentRegion = en;
			hasScannedForEncodings = 0;
			knownRegions = (
				en,
				Base,
			);
			mainGroup = B58B7C832937631100060B22;
			productRefGroup = B58B7C8D2937631100060B22 /* Products */;
			projectDirPath = "";
			projectRoot = "";
			targets = (
				B58B7C8B2937631100060B22 /* AdventOfCode2022 */,
			);
		};
/* End PBXProject section */

/* Begin PBXSourcesBuildPhase section */
		B58B7C882937631100060B22 /* Sources */ = {
			isa = PBXSourcesBuildPhase;
			buildActionMask = 2147483647;
			files = (
				B5DE43F72938A3DF00257439 /* puzzle01.swift in Sources */,
				B56B9BDE29450B02001749D9 /* input10.swift in Sources */,
				B5A46FDC2941DDD60020B482 /* input08.swift in Sources */,
				B594373F2966CEF200AAA499 /* puzzle23.swift in Sources */,
				B571713A293A3171007C1820 /* input02.swift in Sources */,
				B59437402966CEF200AAA499 /* input23.swift in Sources */,
				B56B9BEA29471701001749D9 /* input12.swift in Sources */,
				B5CFC936293BE3A400B1420F /* input03.swift in Sources */,
				B5CFC942293DF1A100B1420F /* extensions.swift in Sources */,
				B50E6183294B280C003AC04A /* input15.swift in Sources */,
				B56B9BF229486CE6001749D9 /* puzzle13.swift in Sources */,
				B5A46FDD2941DDD60020B482 /* puzzle08.swift in Sources */,
				B50E617E294A6E22003AC04A /* input14.swift in Sources */,
				B50E6184294B280C003AC04A /* puzzle15.swift in Sources */,
				B59437492967724400AAA499 /* input25.swift in Sources */,
				B51AEC652955DF7000289F7A /* puzzle18.swift in Sources */,
				B5CFC940293DE73F00B1420F /* input05.swift in Sources */,
				B51AEC642955DF7000289F7A /* input18.swift in Sources */,
				B5CFC939293CE72700B1420F /* puzzle04.swift in Sources */,
				B51AEC6E295B878300289F7A /* puzzle20.swift in Sources */,
				B51AEC6929579C1E00289F7A /* puzzle19.swift in Sources */,
				B5717138293A3094007C1820 /* puzzle02.swift in Sources */,
				B5CFC932293BE37700B1420F /* input_template.swift in Sources */,
				B51AEC74295BA31E00289F7A /* puzzle21.swift in Sources */,
				B594374A2967724400AAA499 /* puzzle25.swift in Sources */,
				B55141CF293F39C7006F2114 /* puzzle06.swift in Sources */,
				B5CFC93B293CE73100B1420F /* input04.swift in Sources */,
				B56B9BF129486CE6001749D9 /* input13.swift in Sources */,
				B56B9BEB29471701001749D9 /* puzzle12.swift in Sources */,
				B51AEC5F2954F57900289F7A /* input17.swift in Sources */,
				B58B7C902937631100060B22 /* main.swift in Sources */,
				B55141D629409218006F2114 /* input07.swift in Sources */,
				B52AED7E294C951100492DFE /* puzzle16.swift in Sources */,
				B5A46FE12943311B0020B482 /* input09.swift in Sources */,
				B56B9BE3294666F6001749D9 /* input11.swift in Sources */,
				B51AEC6F295B878300289F7A /* input20.swift in Sources */,
				B5CFC93E293DE73500B1420F /* puzzle05.swift in Sources */,
				B51AEC602954F57900289F7A /* puzzle17.swift in Sources */,
				B56B9BE2294666F6001749D9 /* puzzle11.swift in Sources */,
				B59437452967015800AAA499 /* puzzle24.swift in Sources */,
				B50E617F294A6E22003AC04A /* puzzle14.swift in Sources */,
				B55141D529409218006F2114 /* puzzle07.swift in Sources */,
				B5DE43FC2938A89000257439 /* input01.swift in Sources */,
				B59437442967015800AAA499 /* input24.swift in Sources */,
				B5A46FE22943311B0020B482 /* puzzle09.swift in Sources */,
				B59437392965747D00AAA499 /* puzzle22.swift in Sources */,
				B52AED7F294C951100492DFE /* input16.swift in Sources */,
				B59437382965747D00AAA499 /* input22.swift in Sources */,
				B55141D1293F39D9006F2114 /* input06.swift in Sources */,
				B51AEC73295BA31E00289F7A /* input21.swift in Sources */,
				B56B9BDD29450B00001749D9 /* puzzle10.swift in Sources */,
				B5CFC934293BE39B00B1420F /* puzzle03.swift in Sources */,
				B51AEC6A29579C1E00289F7A /* input19.swift in Sources */,
				B5CFC930293BE34A00B1420F /* template.swift in Sources */,
			);
			runOnlyForDeploymentPostprocessing = 0;
		};
/* End PBXSourcesBuildPhase section */

/* Begin XCBuildConfiguration section */
		B58B7C912937631100060B22 /* Debug */ = {
			isa = XCBuildConfiguration;
			buildSettings = {
				ALWAYS_SEARCH_USER_PATHS = NO;
				CLANG_ANALYZER_NONNULL = YES;
				CLANG_ANALYZER_NUMBER_OBJECT_CONVERSION = YES_AGGRESSIVE;
				CLANG_CXX_LANGUAGE_STANDARD = "gnu++20";
				CLANG_ENABLE_MODULES = YES;
				CLANG_ENABLE_OBJC_ARC = YES;
				CLANG_ENABLE_OBJC_WEAK = YES;
				CLANG_WARN_BLOCK_CAPTURE_AUTORELEASING = YES;
				CLANG_WARN_BOOL_CONVERSION = YES;
				CLANG_WARN_COMMA = YES;
				CLANG_WARN_CONSTANT_CONVERSION = YES;
				CLANG_WARN_DEPRECATED_OBJC_IMPLEMENTATIONS = YES;
				CLANG_WARN_DIRECT_OBJC_ISA_USAGE = YES_ERROR;
				CLANG_WARN_DOCUMENTATION_COMMENTS = YES;
				CLANG_WARN_EMPTY_BODY = YES;
				CLANG_WARN_ENUM_CONVERSION = YES;
				CLANG_WARN_INFINITE_RECURSION = YES;
				CLANG_WARN_INT_CONVERSION = YES;
				CLANG_WARN_NON_LITERAL_NULL_CONVERSION = YES;
				CLANG_WARN_OBJC_IMPLICIT_RETAIN_SELF = YES;
				CLANG_WARN_OBJC_LITERAL_CONVERSION = YES;
				CLANG_WARN_OBJC_ROOT_CLASS = YES_ERROR;
				CLANG_WARN_QUOTED_INCLUDE_IN_FRAMEWORK_HEADER = YES;
				CLANG_WARN_RANGE_LOOP_ANALYSIS = YES;
				CLANG_WARN_STRICT_PROTOTYPES = YES;
				CLANG_WARN_SUSPICIOUS_MOVE = YES;
				CLANG_WARN_UNGUARDED_AVAILABILITY = YES_AGGRESSIVE;
				CLANG_WARN_UNREACHABLE_CODE = YES;
				CLANG_WARN__DUPLICATE_METHOD_MATCH = YES;
				COPY_PHASE_STRIP = NO;
				DEAD_CODE_STRIPPING = YES;
				DEBUG_INFORMATION_FORMAT = dwarf;
				ENABLE_STRICT_OBJC_MSGSEND = YES;
				ENABLE_TESTABILITY = YES;
				GCC_C_LANGUAGE_STANDARD = gnu11;
				GCC_DYNAMIC_NO_PIC = NO;
				GCC_NO_COMMON_BLOCKS = YES;
				GCC_OPTIMIZATION_LEVEL = 0;
				GCC_PREPROCESSOR_DEFINITIONS = (
					"DEBUG=1",
					"$(inherited)",
				);
				GCC_WARN_64_TO_32_BIT_CONVERSION = YES;
				GCC_WARN_ABOUT_RETURN_TYPE = YES_ERROR;
				GCC_WARN_UNDECLARED_SELECTOR = YES;
				GCC_WARN_UNINITIALIZED_AUTOS = YES_AGGRESSIVE;
				GCC_WARN_UNUSED_FUNCTION = YES;
				GCC_WARN_UNUSED_VARIABLE = YES;
				MACOSX_DEPLOYMENT_TARGET = 13.0;
				MTL_ENABLE_DEBUG_INFO = INCLUDE_SOURCE;
				MTL_FAST_MATH = YES;
				ONLY_ACTIVE_ARCH = YES;
				SDKROOT = macosx;
				SWIFT_ACTIVE_COMPILATION_CONDITIONS = DEBUG;
				SWIFT_OPTIMIZATION_LEVEL = "-Onone";
			};
			name = Debug;
		};
		B58B7C922937631100060B22 /* Release */ = {
			isa = XCBuildConfiguration;
			buildSettings = {
				ALWAYS_SEARCH_USER_PATHS = NO;
				CLANG_ANALYZER_NONNULL = YES;
				CLANG_ANALYZER_NUMBER_OBJECT_CONVERSION = YES_AGGRESSIVE;
				CLANG_CXX_LANGUAGE_STANDARD = "gnu++20";
				CLANG_ENABLE_MODULES = YES;
				CLANG_ENABLE_OBJC_ARC = YES;
				CLANG_ENABLE_OBJC_WEAK = YES;
				CLANG_WARN_BLOCK_CAPTURE_AUTORELEASING = YES;
				CLANG_WARN_BOOL_CONVERSION = YES;
				CLANG_WARN_COMMA = YES;
				CLANG_WARN_CONSTANT_CONVERSION = YES;
				CLANG_WARN_DEPRECATED_OBJC_IMPLEMENTATIONS = YES;
				CLANG_WARN_DIRECT_OBJC_ISA_USAGE = YES_ERROR;
				CLANG_WARN_DOCUMENTATION_COMMENTS = YES;
				CLANG_WARN_EMPTY_BODY = YES;
				CLANG_WARN_ENUM_CONVERSION = YES;
				CLANG_WARN_INFINITE_RECURSION = YES;
				CLANG_WARN_INT_CONVERSION = YES;
				CLANG_WARN_NON_LITERAL_NULL_CONVERSION = YES;
				CLANG_WARN_OBJC_IMPLICIT_RETAIN_SELF = YES;
				CLANG_WARN_OBJC_LITERAL_CONVERSION = YES;
				CLANG_WARN_OBJC_ROOT_CLASS = YES_ERROR;
				CLANG_WARN_QUOTED_INCLUDE_IN_FRAMEWORK_HEADER = YES;
				CLANG_WARN_RANGE_LOOP_ANALYSIS = YES;
				CLANG_WARN_STRICT_PROTOTYPES = YES;
				CLANG_WARN_SUSPICIOUS_MOVE = YES;
				CLANG_WARN_UNGUARDED_AVAILABILITY = YES_AGGRESSIVE;
				CLANG_WARN_UNREACHABLE_CODE = YES;
				CLANG_WARN__DUPLICATE_METHOD_MATCH = YES;
				COPY_PHASE_STRIP = NO;
				DEAD_CODE_STRIPPING = YES;
				DEBUG_INFORMATION_FORMAT = "dwarf-with-dsym";
				ENABLE_NS_ASSERTIONS = NO;
				ENABLE_STRICT_OBJC_MSGSEND = YES;
				GCC_C_LANGUAGE_STANDARD = gnu11;
				GCC_NO_COMMON_BLOCKS = YES;
				GCC_WARN_64_TO_32_BIT_CONVERSION = YES;
				GCC_WARN_ABOUT_RETURN_TYPE = YES_ERROR;
				GCC_WARN_UNDECLARED_SELECTOR = YES;
				GCC_WARN_UNINITIALIZED_AUTOS = YES_AGGRESSIVE;
				GCC_WARN_UNUSED_FUNCTION = YES;
				GCC_WARN_UNUSED_VARIABLE = YES;
				MACOSX_DEPLOYMENT_TARGET = 13.0;
				MTL_ENABLE_DEBUG_INFO = NO;
				MTL_FAST_MATH = YES;
				SDKROOT = macosx;
				SWIFT_COMPILATION_MODE = wholemodule;
				SWIFT_OPTIMIZATION_LEVEL = "-O";
			};
			name = Release;
		};
		B58B7C942937631100060B22 /* Debug */ = {
			isa = XCBuildConfiguration;
			buildSettings = {
				CODE_SIGN_IDENTITY = "-";
				CODE_SIGN_STYLE = Automatic;
				DEAD_CODE_STRIPPING = YES;
				DEVELOPMENT_TEAM = 2DMTV2NW38;
				ENABLE_HARDENED_RUNTIME = YES;
				PRODUCT_NAME = "$(TARGET_NAME)";
				SWIFT_VERSION = 5.0;
			};
			name = Debug;
		};
		B58B7C952937631100060B22 /* Release */ = {
			isa = XCBuildConfiguration;
			buildSettings = {
				CODE_SIGN_IDENTITY = "-";
				CODE_SIGN_STYLE = Automatic;
				DEAD_CODE_STRIPPING = YES;
				DEVELOPMENT_TEAM = 2DMTV2NW38;
				ENABLE_HARDENED_RUNTIME = YES;
				PRODUCT_NAME = "$(TARGET_NAME)";
				SWIFT_VERSION = 5.0;
			};
			name = Release;
		};
/* End XCBuildConfiguration section */

/* Begin XCConfigurationList section */
		B58B7C872937631100060B22 /* Build configuration list for PBXProject "AdventOfCode2022" */ = {
			isa = XCConfigurationList;
			buildConfigurations = (
				B58B7C912937631100060B22 /* Debug */,
				B58B7C922937631100060B22 /* Release */,
			);
			defaultConfigurationIsVisible = 0;
			defaultConfigurationName = Release;
		};
		B58B7C932937631100060B22 /* Build configuration list for PBXNativeTarget "AdventOfCode2022" */ = {
			isa = XCConfigurationList;
			buildConfigurations = (
				B58B7C942937631100060B22 /* Debug */,
				B58B7C952937631100060B22 /* Release */,
			);
			defaultConfigurationIsVisible = 0;
			defaultConfigurationName = Release;
		};
/* End XCConfigurationList section */
	};
	rootObject = B58B7C842937631100060B22 /* Project object */;
}
