// !$*UTF8*$!
{
	archiveVersion = 1;
	classes = {
	};
	objectVersion = 56;
	objects = {

/* Begin PBXBuildFile section */
		B5171C2B2B1DC85D00E97D09 /* Puzzle02.swift in Sources */ = {isa = PBXBuildFile; fileRef = B5171C2A2B1DC85D00E97D09 /* Puzzle02.swift */; };
		B5171C2D2B1DDA6900E97D09 /* Puzzle.swift in Sources */ = {isa = PBXBuildFile; fileRef = B5171C2C2B1DDA6900E97D09 /* Puzzle.swift */; };
		B5171C2F2B1DDC1200E97D09 /* Puzzle03.swift in Sources */ = {isa = PBXBuildFile; fileRef = B5171C2E2B1DDC1200E97D09 /* Puzzle03.swift */; };
		B5171C312B1E1E4B00E97D09 /* Puzzle04.swift in Sources */ = {isa = PBXBuildFile; fileRef = B5171C302B1E1E4B00E97D09 /* Puzzle04.swift */; };
		B56595F32B263C1C00CF987E /* Puzzle10.swift in Sources */ = {isa = PBXBuildFile; fileRef = B56595F22B263C1C00CF987E /* Puzzle10.swift */; };
		B56595F52B27416200CF987E /* Puzzle11.swift in Sources */ = {isa = PBXBuildFile; fileRef = B56595F42B27416200CF987E /* Puzzle11.swift */; };
		B56595F92B284DD800CF987E /* Puzzle12.swift in Sources */ = {isa = PBXBuildFile; fileRef = B56595F82B284DD800CF987E /* Puzzle12.swift */; };
		B56A18B42B29D1EC00FBC5D6 /* Puzzle13.swift in Sources */ = {isa = PBXBuildFile; fileRef = B56A18B32B29D1EC00FBC5D6 /* Puzzle13.swift */; };
		B56A18B62B2AEFDF00FBC5D6 /* Puzzle14.swift in Sources */ = {isa = PBXBuildFile; fileRef = B56A18B52B2AEFDF00FBC5D6 /* Puzzle14.swift */; };
		B56A18B82B2AF16B00FBC5D6 /* Structures.swift in Sources */ = {isa = PBXBuildFile; fileRef = B56A18B72B2AF16B00FBC5D6 /* Structures.swift */; };
		B56A18E12B2C48A500FBC5D6 /* Puzzle15.swift in Sources */ = {isa = PBXBuildFile; fileRef = B56A18E02B2C48A500FBC5D6 /* Puzzle15.swift */; };
		B56A18E72B2E298B00FBC5D6 /* Puzzle16.swift in Sources */ = {isa = PBXBuildFile; fileRef = B56A18E62B2E298B00FBC5D6 /* Puzzle16.swift */; };
		B56A19162B2F85A000FBC5D6 /* Puzzle17.swift in Sources */ = {isa = PBXBuildFile; fileRef = B56A19152B2F85A000FBC5D6 /* Puzzle17.swift */; };
		B56A19182B30CD5400FBC5D6 /* Puzzle18.swift in Sources */ = {isa = PBXBuildFile; fileRef = B56A19172B30CD5400FBC5D6 /* Puzzle18.swift */; };
		B56A191A2B3195CE00FBC5D6 /* Puzzle19.swift in Sources */ = {isa = PBXBuildFile; fileRef = B56A19192B3195CE00FBC5D6 /* Puzzle19.swift */; };
		B56A191C2B32F0F300FBC5D6 /* Puzzle20.swift in Sources */ = {isa = PBXBuildFile; fileRef = B56A191B2B32F0F300FBC5D6 /* Puzzle20.swift */; };
		B56CCC582B1A00FF00E02088 /* Advent2023App.swift in Sources */ = {isa = PBXBuildFile; fileRef = B56CCC572B1A00FF00E02088 /* Advent2023App.swift */; };
		B56CCC5A2B1A00FF00E02088 /* ContentView.swift in Sources */ = {isa = PBXBuildFile; fileRef = B56CCC592B1A00FF00E02088 /* ContentView.swift */; };
		B56CCC5C2B1A010000E02088 /* Assets.xcassets in Resources */ = {isa = PBXBuildFile; fileRef = B56CCC5B2B1A010000E02088 /* Assets.xcassets */; };
		B56CCC602B1A010000E02088 /* Preview Assets.xcassets in Resources */ = {isa = PBXBuildFile; fileRef = B56CCC5F2B1A010000E02088 /* Preview Assets.xcassets */; };
		B56CCC682B1A020700E02088 /* Puzzle01.swift in Sources */ = {isa = PBXBuildFile; fileRef = B56CCC672B1A020700E02088 /* Puzzle01.swift */; };
		B56CCC6C2B1A02C800E02088 /* Input.swift in Sources */ = {isa = PBXBuildFile; fileRef = B56CCC6B2B1A02C800E02088 /* Input.swift */; };
		B56CCC6E2B1A0B4700E02088 /* Collection+Extensions.swift in Sources */ = {isa = PBXBuildFile; fileRef = B56CCC6D2B1A0B4700E02088 /* Collection+Extensions.swift */; };
		B56CCC702B1A139A00E02088 /* String+Extensions.swift in Sources */ = {isa = PBXBuildFile; fileRef = B56CCC6F2B1A139A00E02088 /* String+Extensions.swift */; };
		B57C36182B1F2A1000A673D4 /* Puzzle05.swift in Sources */ = {isa = PBXBuildFile; fileRef = B57C36172B1F2A1000A673D4 /* Puzzle05.swift */; };
		B5FDF0FF2B2201B40046B927 /* Puzzle06.swift in Sources */ = {isa = PBXBuildFile; fileRef = B5FDF0FE2B2201B40046B927 /* Puzzle06.swift */; };
		B5FDF1012B2211A20046B927 /* Puzzle07.swift in Sources */ = {isa = PBXBuildFile; fileRef = B5FDF1002B2211A20046B927 /* Puzzle07.swift */; };
		B5FDF1032B2350E70046B927 /* Puzzle08.swift in Sources */ = {isa = PBXBuildFile; fileRef = B5FDF1022B2350E70046B927 /* Puzzle08.swift */; };
		B5FDF1052B2511990046B927 /* Puzzle09.swift in Sources */ = {isa = PBXBuildFile; fileRef = B5FDF1042B2511990046B927 /* Puzzle09.swift */; };
/* End PBXBuildFile section */

/* Begin PBXFileReference section */
		B5171C2A2B1DC85D00E97D09 /* Puzzle02.swift */ = {isa = PBXFileReference; lastKnownFileType = sourcecode.swift; path = Puzzle02.swift; sourceTree = "<group>"; };
		B5171C2C2B1DDA6900E97D09 /* Puzzle.swift */ = {isa = PBXFileReference; lastKnownFileType = sourcecode.swift; path = Puzzle.swift; sourceTree = "<group>"; };
		B5171C2E2B1DDC1200E97D09 /* Puzzle03.swift */ = {isa = PBXFileReference; lastKnownFileType = sourcecode.swift; path = Puzzle03.swift; sourceTree = "<group>"; };
		B5171C302B1E1E4B00E97D09 /* Puzzle04.swift */ = {isa = PBXFileReference; lastKnownFileType = sourcecode.swift; path = Puzzle04.swift; sourceTree = "<group>"; };
		B56595F22B263C1C00CF987E /* Puzzle10.swift */ = {isa = PBXFileReference; lastKnownFileType = sourcecode.swift; path = Puzzle10.swift; sourceTree = "<group>"; };
		B56595F42B27416200CF987E /* Puzzle11.swift */ = {isa = PBXFileReference; lastKnownFileType = sourcecode.swift; path = Puzzle11.swift; sourceTree = "<group>"; };
		B56595F82B284DD800CF987E /* Puzzle12.swift */ = {isa = PBXFileReference; lastKnownFileType = sourcecode.swift; path = Puzzle12.swift; sourceTree = "<group>"; };
		B56A18B32B29D1EC00FBC5D6 /* Puzzle13.swift */ = {isa = PBXFileReference; lastKnownFileType = sourcecode.swift; path = Puzzle13.swift; sourceTree = "<group>"; };
		B56A18B52B2AEFDF00FBC5D6 /* Puzzle14.swift */ = {isa = PBXFileReference; lastKnownFileType = sourcecode.swift; path = Puzzle14.swift; sourceTree = "<group>"; };
		B56A18B72B2AF16B00FBC5D6 /* Structures.swift */ = {isa = PBXFileReference; lastKnownFileType = sourcecode.swift; path = Structures.swift; sourceTree = "<group>"; };
		B56A18E02B2C48A500FBC5D6 /* Puzzle15.swift */ = {isa = PBXFileReference; lastKnownFileType = sourcecode.swift; path = Puzzle15.swift; sourceTree = "<group>"; };
		B56A18E62B2E298B00FBC5D6 /* Puzzle16.swift */ = {isa = PBXFileReference; lastKnownFileType = sourcecode.swift; path = Puzzle16.swift; sourceTree = "<group>"; };
		B56A19152B2F85A000FBC5D6 /* Puzzle17.swift */ = {isa = PBXFileReference; lastKnownFileType = sourcecode.swift; path = Puzzle17.swift; sourceTree = "<group>"; };
		B56A19172B30CD5400FBC5D6 /* Puzzle18.swift */ = {isa = PBXFileReference; lastKnownFileType = sourcecode.swift; path = Puzzle18.swift; sourceTree = "<group>"; };
		B56A19192B3195CE00FBC5D6 /* Puzzle19.swift */ = {isa = PBXFileReference; lastKnownFileType = sourcecode.swift; path = Puzzle19.swift; sourceTree = "<group>"; };
		B56A191B2B32F0F300FBC5D6 /* Puzzle20.swift */ = {isa = PBXFileReference; lastKnownFileType = sourcecode.swift; path = Puzzle20.swift; sourceTree = "<group>"; };
		B56CCC542B1A00FF00E02088 /* Advent2023.app */ = {isa = PBXFileReference; explicitFileType = wrapper.application; includeInIndex = 0; path = Advent2023.app; sourceTree = BUILT_PRODUCTS_DIR; };
		B56CCC572B1A00FF00E02088 /* Advent2023App.swift */ = {isa = PBXFileReference; lastKnownFileType = sourcecode.swift; path = Advent2023App.swift; sourceTree = "<group>"; };
		B56CCC592B1A00FF00E02088 /* ContentView.swift */ = {isa = PBXFileReference; lastKnownFileType = sourcecode.swift; path = ContentView.swift; sourceTree = "<group>"; };
		B56CCC5B2B1A010000E02088 /* Assets.xcassets */ = {isa = PBXFileReference; lastKnownFileType = folder.assetcatalog; path = Assets.xcassets; sourceTree = "<group>"; };
		B56CCC5D2B1A010000E02088 /* Advent2023.entitlements */ = {isa = PBXFileReference; lastKnownFileType = text.plist.entitlements; path = Advent2023.entitlements; sourceTree = "<group>"; };
		B56CCC5F2B1A010000E02088 /* Preview Assets.xcassets */ = {isa = PBXFileReference; lastKnownFileType = folder.assetcatalog; path = "Preview Assets.xcassets"; sourceTree = "<group>"; };
		B56CCC672B1A020700E02088 /* Puzzle01.swift */ = {isa = PBXFileReference; lastKnownFileType = sourcecode.swift; path = Puzzle01.swift; sourceTree = "<group>"; };
		B56CCC6B2B1A02C800E02088 /* Input.swift */ = {isa = PBXFileReference; lastKnownFileType = sourcecode.swift; path = Input.swift; sourceTree = "<group>"; };
		B56CCC6D2B1A0B4700E02088 /* Collection+Extensions.swift */ = {isa = PBXFileReference; lastKnownFileType = sourcecode.swift; path = "Collection+Extensions.swift"; sourceTree = "<group>"; };
		B56CCC6F2B1A139A00E02088 /* String+Extensions.swift */ = {isa = PBXFileReference; lastKnownFileType = sourcecode.swift; path = "String+Extensions.swift"; sourceTree = "<group>"; };
		B57C36172B1F2A1000A673D4 /* Puzzle05.swift */ = {isa = PBXFileReference; lastKnownFileType = sourcecode.swift; path = Puzzle05.swift; sourceTree = "<group>"; };
		B5FDF0FE2B2201B40046B927 /* Puzzle06.swift */ = {isa = PBXFileReference; lastKnownFileType = sourcecode.swift; path = Puzzle06.swift; sourceTree = "<group>"; };
		B5FDF1002B2211A20046B927 /* Puzzle07.swift */ = {isa = PBXFileReference; lastKnownFileType = sourcecode.swift; path = Puzzle07.swift; sourceTree = "<group>"; };
		B5FDF1022B2350E70046B927 /* Puzzle08.swift */ = {isa = PBXFileReference; lastKnownFileType = sourcecode.swift; path = Puzzle08.swift; sourceTree = "<group>"; };
		B5FDF1042B2511990046B927 /* Puzzle09.swift */ = {isa = PBXFileReference; lastKnownFileType = sourcecode.swift; path = Puzzle09.swift; sourceTree = "<group>"; };
/* End PBXFileReference section */

/* Begin PBXFrameworksBuildPhase section */
		B56CCC512B1A00FF00E02088 /* Frameworks */ = {
			isa = PBXFrameworksBuildPhase;
			buildActionMask = 2147483647;
			files = (
			);
			runOnlyForDeploymentPostprocessing = 0;
		};
/* End PBXFrameworksBuildPhase section */

/* Begin PBXGroup section */
		B56CCC4B2B1A00FF00E02088 = {
			isa = PBXGroup;
			children = (
				B56CCC562B1A00FF00E02088 /* Advent2023 */,
				B56CCC552B1A00FF00E02088 /* Products */,
			);
			sourceTree = "<group>";
		};
		B56CCC552B1A00FF00E02088 /* Products */ = {
			isa = PBXGroup;
			children = (
				B56CCC542B1A00FF00E02088 /* Advent2023.app */,
			);
			name = Products;
			sourceTree = "<group>";
		};
		B56CCC562B1A00FF00E02088 /* Advent2023 */ = {
			isa = PBXGroup;
			children = (
				B56CCC6A2B1A02B900E02088 /* Util */,
				B56CCC692B1A020B00E02088 /* Puzzles */,
				B56CCC662B1A010D00E02088 /* Resources */,
				B56CCC572B1A00FF00E02088 /* Advent2023App.swift */,
				B56CCC592B1A00FF00E02088 /* ContentView.swift */,
				B56CCC5D2B1A010000E02088 /* Advent2023.entitlements */,
				B56CCC5E2B1A010000E02088 /* Preview Content */,
			);
			path = Advent2023;
			sourceTree = "<group>";
		};
		B56CCC5E2B1A010000E02088 /* Preview Content */ = {
			isa = PBXGroup;
			children = (
				B56CCC5F2B1A010000E02088 /* Preview Assets.xcassets */,
			);
			path = "Preview Content";
			sourceTree = "<group>";
		};
		B56CCC662B1A010D00E02088 /* Resources */ = {
			isa = PBXGroup;
			children = (
				B56CCC5B2B1A010000E02088 /* Assets.xcassets */,
			);
			path = Resources;
			sourceTree = "<group>";
		};
		B56CCC692B1A020B00E02088 /* Puzzles */ = {
			isa = PBXGroup;
			children = (
				B56CCC672B1A020700E02088 /* Puzzle01.swift */,
				B5171C2A2B1DC85D00E97D09 /* Puzzle02.swift */,
				B5171C2E2B1DDC1200E97D09 /* Puzzle03.swift */,
				B5171C302B1E1E4B00E97D09 /* Puzzle04.swift */,
				B57C36172B1F2A1000A673D4 /* Puzzle05.swift */,
				B5FDF0FE2B2201B40046B927 /* Puzzle06.swift */,
				B5FDF1002B2211A20046B927 /* Puzzle07.swift */,
				B5FDF1022B2350E70046B927 /* Puzzle08.swift */,
				B5FDF1042B2511990046B927 /* Puzzle09.swift */,
				B56595F22B263C1C00CF987E /* Puzzle10.swift */,
				B56595F42B27416200CF987E /* Puzzle11.swift */,
				B56595F82B284DD800CF987E /* Puzzle12.swift */,
				B56A18B32B29D1EC00FBC5D6 /* Puzzle13.swift */,
				B56A18B52B2AEFDF00FBC5D6 /* Puzzle14.swift */,
				B56A18E02B2C48A500FBC5D6 /* Puzzle15.swift */,
				B56A18E62B2E298B00FBC5D6 /* Puzzle16.swift */,
				B56A19152B2F85A000FBC5D6 /* Puzzle17.swift */,
				B56A19172B30CD5400FBC5D6 /* Puzzle18.swift */,
				B56A19192B3195CE00FBC5D6 /* Puzzle19.swift */,
				B56A191B2B32F0F300FBC5D6 /* Puzzle20.swift */,
				B5171C2C2B1DDA6900E97D09 /* Puzzle.swift */,
			);
			path = Puzzles;
			sourceTree = "<group>";
		};
		B56CCC6A2B1A02B900E02088 /* Util */ = {
			isa = PBXGroup;
			children = (
				B56CCC6B2B1A02C800E02088 /* Input.swift */,
				B56CCC6D2B1A0B4700E02088 /* Collection+Extensions.swift */,
				B56CCC6F2B1A139A00E02088 /* String+Extensions.swift */,
				B56A18B72B2AF16B00FBC5D6 /* Structures.swift */,
			);
			path = Util;
			sourceTree = "<group>";
		};
/* End PBXGroup section */

/* Begin PBXNativeTarget section */
		B56CCC532B1A00FF00E02088 /* Advent2023 */ = {
			isa = PBXNativeTarget;
			buildConfigurationList = B56CCC632B1A010000E02088 /* Build configuration list for PBXNativeTarget "Advent2023" */;
			buildPhases = (
				B56CCC502B1A00FF00E02088 /* Sources */,
				B56CCC512B1A00FF00E02088 /* Frameworks */,
				B56CCC522B1A00FF00E02088 /* Resources */,
			);
			buildRules = (
			);
			dependencies = (
			);
			name = Advent2023;
			productName = Advent2023;
			productReference = B56CCC542B1A00FF00E02088 /* Advent2023.app */;
			productType = "com.apple.product-type.application";
		};
/* End PBXNativeTarget section */

/* Begin PBXProject section */
		B56CCC4C2B1A00FF00E02088 /* Project object */ = {
			isa = PBXProject;
			attributes = {
				BuildIndependentTargetsInParallel = 1;
				LastSwiftUpdateCheck = 1500;
				LastUpgradeCheck = 1510;
				TargetAttributes = {
					B56CCC532B1A00FF00E02088 = {
						CreatedOnToolsVersion = 15.0.1;
					};
				};
			};
			buildConfigurationList = B56CCC4F2B1A00FF00E02088 /* Build configuration list for PBXProject "Advent2023" */;
			compatibilityVersion = "Xcode 14.0";
			developmentRegion = en;
			hasScannedForEncodings = 0;
			knownRegions = (
				en,
				Base,
			);
			mainGroup = B56CCC4B2B1A00FF00E02088;
			productRefGroup = B56CCC552B1A00FF00E02088 /* Products */;
			projectDirPath = "";
			projectRoot = "";
			targets = (
				B56CCC532B1A00FF00E02088 /* Advent2023 */,
			);
		};
/* End PBXProject section */

/* Begin PBXResourcesBuildPhase section */
		B56CCC522B1A00FF00E02088 /* Resources */ = {
			isa = PBXResourcesBuildPhase;
			buildActionMask = 2147483647;
			files = (
				B56CCC602B1A010000E02088 /* Preview Assets.xcassets in Resources */,
				B56CCC5C2B1A010000E02088 /* Assets.xcassets in Resources */,
			);
			runOnlyForDeploymentPostprocessing = 0;
		};
/* End PBXResourcesBuildPhase section */

/* Begin PBXSourcesBuildPhase section */
		B56CCC502B1A00FF00E02088 /* Sources */ = {
			isa = PBXSourcesBuildPhase;
			buildActionMask = 2147483647;
			files = (
				B56CCC682B1A020700E02088 /* Puzzle01.swift in Sources */,
				B5171C2D2B1DDA6900E97D09 /* Puzzle.swift in Sources */,
				B56CCC5A2B1A00FF00E02088 /* ContentView.swift in Sources */,
				B5FDF1052B2511990046B927 /* Puzzle09.swift in Sources */,
				B56595F32B263C1C00CF987E /* Puzzle10.swift in Sources */,
				B5FDF1032B2350E70046B927 /* Puzzle08.swift in Sources */,
				B56595F52B27416200CF987E /* Puzzle11.swift in Sources */,
				B5171C312B1E1E4B00E97D09 /* Puzzle04.swift in Sources */,
				B56A18E72B2E298B00FBC5D6 /* Puzzle16.swift in Sources */,
				B5FDF1012B2211A20046B927 /* Puzzle07.swift in Sources */,
				B56A18B42B29D1EC00FBC5D6 /* Puzzle13.swift in Sources */,
				B56A191A2B3195CE00FBC5D6 /* Puzzle19.swift in Sources */,
				B56A19162B2F85A000FBC5D6 /* Puzzle17.swift in Sources */,
				B56A18B82B2AF16B00FBC5D6 /* Structures.swift in Sources */,
				B56A18E12B2C48A500FBC5D6 /* Puzzle15.swift in Sources */,
				B57C36182B1F2A1000A673D4 /* Puzzle05.swift in Sources */,
				B56A191C2B32F0F300FBC5D6 /* Puzzle20.swift in Sources */,
				B5171C2F2B1DDC1200E97D09 /* Puzzle03.swift in Sources */,
				B56A18B62B2AEFDF00FBC5D6 /* Puzzle14.swift in Sources */,
				B56A19182B30CD5400FBC5D6 /* Puzzle18.swift in Sources */,
				B56CCC6C2B1A02C800E02088 /* Input.swift in Sources */,
				B56CCC582B1A00FF00E02088 /* Advent2023App.swift in Sources */,
				B56CCC702B1A139A00E02088 /* String+Extensions.swift in Sources */,
				B56595F92B284DD800CF987E /* Puzzle12.swift in Sources */,
				B5FDF0FF2B2201B40046B927 /* Puzzle06.swift in Sources */,
				B5171C2B2B1DC85D00E97D09 /* Puzzle02.swift in Sources */,
				B56CCC6E2B1A0B4700E02088 /* Collection+Extensions.swift in Sources */,
			);
			runOnlyForDeploymentPostprocessing = 0;
		};
/* End PBXSourcesBuildPhase section */

/* Begin XCBuildConfiguration section */
		B56CCC612B1A010000E02088 /* Debug */ = {
			isa = XCBuildConfiguration;
			buildSettings = {
				ALWAYS_SEARCH_USER_PATHS = NO;
				ASSETCATALOG_COMPILER_GENERATE_SWIFT_ASSET_SYMBOL_EXTENSIONS = YES;
				CLANG_ANALYZER_NONNULL = YES;
				CLANG_ANALYZER_NUMBER_OBJECT_CONVERSION = YES_AGGRESSIVE;
				CLANG_CXX_LANGUAGE_STANDARD = "gnu++20";
				CLANG_ENABLE_MODULES = YES;
				CLANG_ENABLE_OBJC_ARC = YES;
				CLANG_ENABLE_OBJC_WEAK = YES;
				CLANG_WARN_BLOCK_CAPTURE_AUTORELEASING = YES;
				CLANG_WARN_BOOL_CONVERSION = YES;
				CLANG_WARN_COMMA = YES;
				CLANG_WARN_CONSTANT_CONVERSION = YES;
				CLANG_WARN_DEPRECATED_OBJC_IMPLEMENTATIONS = YES;
				CLANG_WARN_DIRECT_OBJC_ISA_USAGE = YES_ERROR;
				CLANG_WARN_DOCUMENTATION_COMMENTS = YES;
				CLANG_WARN_EMPTY_BODY = YES;
				CLANG_WARN_ENUM_CONVERSION = YES;
				CLANG_WARN_INFINITE_RECURSION = YES;
				CLANG_WARN_INT_CONVERSION = YES;
				CLANG_WARN_NON_LITERAL_NULL_CONVERSION = YES;
				CLANG_WARN_OBJC_IMPLICIT_RETAIN_SELF = YES;
				CLANG_WARN_OBJC_LITERAL_CONVERSION = YES;
				CLANG_WARN_OBJC_ROOT_CLASS = YES_ERROR;
				CLANG_WARN_QUOTED_INCLUDE_IN_FRAMEWORK_HEADER = YES;
				CLANG_WARN_RANGE_LOOP_ANALYSIS = YES;
				CLANG_WARN_STRICT_PROTOTYPES = YES;
				CLANG_WARN_SUSPICIOUS_MOVE = YES;
				CLANG_WARN_UNGUARDED_AVAILABILITY = YES_AGGRESSIVE;
				CLANG_WARN_UNREACHABLE_CODE = YES;
				CLANG_WARN__DUPLICATE_METHOD_MATCH = YES;
				COPY_PHASE_STRIP = NO;
				DEAD_CODE_STRIPPING = YES;
				DEBUG_INFORMATION_FORMAT = dwarf;
				ENABLE_STRICT_OBJC_MSGSEND = YES;
				ENABLE_TESTABILITY = YES;
				ENABLE_USER_SCRIPT_SANDBOXING = YES;
				GCC_C_LANGUAGE_STANDARD = gnu17;
				GCC_DYNAMIC_NO_PIC = NO;
				GCC_NO_COMMON_BLOCKS = YES;
				GCC_OPTIMIZATION_LEVEL = 0;
				GCC_PREPROCESSOR_DEFINITIONS = (
					"DEBUG=1",
					"$(inherited)",
				);
				GCC_WARN_64_TO_32_BIT_CONVERSION = YES;
				GCC_WARN_ABOUT_RETURN_TYPE = YES_ERROR;
				GCC_WARN_UNDECLARED_SELECTOR = YES;
				GCC_WARN_UNINITIALIZED_AUTOS = YES_AGGRESSIVE;
				GCC_WARN_UNUSED_FUNCTION = YES;
				GCC_WARN_UNUSED_VARIABLE = YES;
				LOCALIZATION_PREFERS_STRING_CATALOGS = YES;
				MTL_ENABLE_DEBUG_INFO = INCLUDE_SOURCE;
				MTL_FAST_MATH = YES;
				ONLY_ACTIVE_ARCH = YES;
				SWIFT_ACTIVE_COMPILATION_CONDITIONS = "DEBUG $(inherited)";
				SWIFT_OPTIMIZATION_LEVEL = "-Onone";
			};
			name = Debug;
		};
		B56CCC622B1A010000E02088 /* Release */ = {
			isa = XCBuildConfiguration;
			buildSettings = {
				ALWAYS_SEARCH_USER_PATHS = NO;
				ASSETCATALOG_COMPILER_GENERATE_SWIFT_ASSET_SYMBOL_EXTENSIONS = YES;
				CLANG_ANALYZER_NONNULL = YES;
				CLANG_ANALYZER_NUMBER_OBJECT_CONVERSION = YES_AGGRESSIVE;
				CLANG_CXX_LANGUAGE_STANDARD = "gnu++20";
				CLANG_ENABLE_MODULES = YES;
				CLANG_ENABLE_OBJC_ARC = YES;
				CLANG_ENABLE_OBJC_WEAK = YES;
				CLANG_WARN_BLOCK_CAPTURE_AUTORELEASING = YES;
				CLANG_WARN_BOOL_CONVERSION = YES;
				CLANG_WARN_COMMA = YES;
				CLANG_WARN_CONSTANT_CONVERSION = YES;
				CLANG_WARN_DEPRECATED_OBJC_IMPLEMENTATIONS = YES;
				CLANG_WARN_DIRECT_OBJC_ISA_USAGE = YES_ERROR;
				CLANG_WARN_DOCUMENTATION_COMMENTS = YES;
				CLANG_WARN_EMPTY_BODY = YES;
				CLANG_WARN_ENUM_CONVERSION = YES;
				CLANG_WARN_INFINITE_RECURSION = YES;
				CLANG_WARN_INT_CONVERSION = YES;
				CLANG_WARN_NON_LITERAL_NULL_CONVERSION = YES;
				CLANG_WARN_OBJC_IMPLICIT_RETAIN_SELF = YES;
				CLANG_WARN_OBJC_LITERAL_CONVERSION = YES;
				CLANG_WARN_OBJC_ROOT_CLASS = YES_ERROR;
				CLANG_WARN_QUOTED_INCLUDE_IN_FRAMEWORK_HEADER = YES;
				CLANG_WARN_RANGE_LOOP_ANALYSIS = YES;
				CLANG_WARN_STRICT_PROTOTYPES = YES;
				CLANG_WARN_SUSPICIOUS_MOVE = YES;
				CLANG_WARN_UNGUARDED_AVAILABILITY = YES_AGGRESSIVE;
				CLANG_WARN_UNREACHABLE_CODE = YES;
				CLANG_WARN__DUPLICATE_METHOD_MATCH = YES;
				COPY_PHASE_STRIP = NO;
				DEAD_CODE_STRIPPING = YES;
				DEBUG_INFORMATION_FORMAT = "dwarf-with-dsym";
				ENABLE_NS_ASSERTIONS = NO;
				ENABLE_STRICT_OBJC_MSGSEND = YES;
				ENABLE_USER_SCRIPT_SANDBOXING = YES;
				GCC_C_LANGUAGE_STANDARD = gnu17;
				GCC_NO_COMMON_BLOCKS = YES;
				GCC_WARN_64_TO_32_BIT_CONVERSION = YES;
				GCC_WARN_ABOUT_RETURN_TYPE = YES_ERROR;
				GCC_WARN_UNDECLARED_SELECTOR = YES;
				GCC_WARN_UNINITIALIZED_AUTOS = YES_AGGRESSIVE;
				GCC_WARN_UNUSED_FUNCTION = YES;
				GCC_WARN_UNUSED_VARIABLE = YES;
				LOCALIZATION_PREFERS_STRING_CATALOGS = YES;
				MTL_ENABLE_DEBUG_INFO = NO;
				MTL_FAST_MATH = YES;
				SWIFT_COMPILATION_MODE = wholemodule;
			};
			name = Release;
		};
		B56CCC642B1A010000E02088 /* Debug */ = {
			isa = XCBuildConfiguration;
			buildSettings = {
				ASSETCATALOG_COMPILER_APPICON_NAME = AppIcon;
				ASSETCATALOG_COMPILER_GLOBAL_ACCENT_COLOR_NAME = AccentColor;
				CODE_SIGN_ENTITLEMENTS = Advent2023/Advent2023.entitlements;
				CODE_SIGN_STYLE = Automatic;
				CURRENT_PROJECT_VERSION = 1;
				DEAD_CODE_STRIPPING = YES;
				DEVELOPMENT_ASSET_PATHS = "\"Advent2023/Preview Content\"";
				DEVELOPMENT_TEAM = 2DMTV2NW38;
				ENABLE_HARDENED_RUNTIME = YES;
				ENABLE_PREVIEWS = YES;
				GENERATE_INFOPLIST_FILE = YES;
				"INFOPLIST_KEY_UIApplicationSceneManifest_Generation[sdk=iphoneos*]" = YES;
				"INFOPLIST_KEY_UIApplicationSceneManifest_Generation[sdk=iphonesimulator*]" = YES;
				"INFOPLIST_KEY_UIApplicationSupportsIndirectInputEvents[sdk=iphoneos*]" = YES;
				"INFOPLIST_KEY_UIApplicationSupportsIndirectInputEvents[sdk=iphonesimulator*]" = YES;
				"INFOPLIST_KEY_UILaunchScreen_Generation[sdk=iphoneos*]" = YES;
				"INFOPLIST_KEY_UILaunchScreen_Generation[sdk=iphonesimulator*]" = YES;
				"INFOPLIST_KEY_UIStatusBarStyle[sdk=iphoneos*]" = UIStatusBarStyleDefault;
				"INFOPLIST_KEY_UIStatusBarStyle[sdk=iphonesimulator*]" = UIStatusBarStyleDefault;
				INFOPLIST_KEY_UISupportedInterfaceOrientations_iPad = "UIInterfaceOrientationPortrait UIInterfaceOrientationPortraitUpsideDown UIInterfaceOrientationLandscapeLeft UIInterfaceOrientationLandscapeRight";
				INFOPLIST_KEY_UISupportedInterfaceOrientations_iPhone = "UIInterfaceOrientationPortrait UIInterfaceOrientationLandscapeLeft UIInterfaceOrientationLandscapeRight";
				IPHONEOS_DEPLOYMENT_TARGET = 17.0;
				LD_RUNPATH_SEARCH_PATHS = "@executable_path/Frameworks";
				"LD_RUNPATH_SEARCH_PATHS[sdk=macosx*]" = "@executable_path/../Frameworks";
				MACOSX_DEPLOYMENT_TARGET = 14.0;
				MARKETING_VERSION = 1.0;
				PRODUCT_BUNDLE_IDENTIFIER = tech.zuluteam.Advent2023;
				PRODUCT_NAME = "$(TARGET_NAME)";
				SDKROOT = auto;
				SUPPORTED_PLATFORMS = "iphoneos iphonesimulator macosx";
				SWIFT_EMIT_LOC_STRINGS = YES;
				SWIFT_VERSION = 5.0;
				TARGETED_DEVICE_FAMILY = "1,2";
			};
			name = Debug;
		};
		B56CCC652B1A010000E02088 /* Release */ = {
			isa = XCBuildConfiguration;
			buildSettings = {
				ASSETCATALOG_COMPILER_APPICON_NAME = AppIcon;
				ASSETCATALOG_COMPILER_GLOBAL_ACCENT_COLOR_NAME = AccentColor;
				CODE_SIGN_ENTITLEMENTS = Advent2023/Advent2023.entitlements;
				CODE_SIGN_STYLE = Automatic;
				CURRENT_PROJECT_VERSION = 1;
				DEAD_CODE_STRIPPING = YES;
				DEVELOPMENT_ASSET_PATHS = "\"Advent2023/Preview Content\"";
				DEVELOPMENT_TEAM = 2DMTV2NW38;
				ENABLE_HARDENED_RUNTIME = YES;
				ENABLE_PREVIEWS = YES;
				GENERATE_INFOPLIST_FILE = YES;
				"INFOPLIST_KEY_UIApplicationSceneManifest_Generation[sdk=iphoneos*]" = YES;
				"INFOPLIST_KEY_UIApplicationSceneManifest_Generation[sdk=iphonesimulator*]" = YES;
				"INFOPLIST_KEY_UIApplicationSupportsIndirectInputEvents[sdk=iphoneos*]" = YES;
				"INFOPLIST_KEY_UIApplicationSupportsIndirectInputEvents[sdk=iphonesimulator*]" = YES;
				"INFOPLIST_KEY_UILaunchScreen_Generation[sdk=iphoneos*]" = YES;
				"INFOPLIST_KEY_UILaunchScreen_Generation[sdk=iphonesimulator*]" = YES;
				"INFOPLIST_KEY_UIStatusBarStyle[sdk=iphoneos*]" = UIStatusBarStyleDefault;
				"INFOPLIST_KEY_UIStatusBarStyle[sdk=iphonesimulator*]" = UIStatusBarStyleDefault;
				INFOPLIST_KEY_UISupportedInterfaceOrientations_iPad = "UIInterfaceOrientationPortrait UIInterfaceOrientationPortraitUpsideDown UIInterfaceOrientationLandscapeLeft UIInterfaceOrientationLandscapeRight";
				INFOPLIST_KEY_UISupportedInterfaceOrientations_iPhone = "UIInterfaceOrientationPortrait UIInterfaceOrientationLandscapeLeft UIInterfaceOrientationLandscapeRight";
				IPHONEOS_DEPLOYMENT_TARGET = 17.0;
				LD_RUNPATH_SEARCH_PATHS = "@executable_path/Frameworks";
				"LD_RUNPATH_SEARCH_PATHS[sdk=macosx*]" = "@executable_path/../Frameworks";
				MACOSX_DEPLOYMENT_TARGET = 14.0;
				MARKETING_VERSION = 1.0;
				PRODUCT_BUNDLE_IDENTIFIER = tech.zuluteam.Advent2023;
				PRODUCT_NAME = "$(TARGET_NAME)";
				SDKROOT = auto;
				SUPPORTED_PLATFORMS = "iphoneos iphonesimulator macosx";
				SWIFT_EMIT_LOC_STRINGS = YES;
				SWIFT_VERSION = 5.0;
				TARGETED_DEVICE_FAMILY = "1,2";
			};
			name = Release;
		};
/* End XCBuildConfiguration section */

/* Begin XCConfigurationList section */
		B56CCC4F2B1A00FF00E02088 /* Build configuration list for PBXProject "Advent2023" */ = {
			isa = XCConfigurationList;
			buildConfigurations = (
				B56CCC612B1A010000E02088 /* Debug */,
				B56CCC622B1A010000E02088 /* Release */,
			);
			defaultConfigurationIsVisible = 0;
			defaultConfigurationName = Release;
		};
		B56CCC632B1A010000E02088 /* Build configuration list for PBXNativeTarget "Advent2023" */ = {
			isa = XCConfigurationList;
			buildConfigurations = (
				B56CCC642B1A010000E02088 /* Debug */,
				B56CCC652B1A010000E02088 /* Release */,
			);
			defaultConfigurationIsVisible = 0;
			defaultConfigurationName = Release;
		};
/* End XCConfigurationList section */
	};
	rootObject = B56CCC4C2B1A00FF00E02088 /* Project object */;
}
